{
  "lockfileVersion": 2,
  "configVersion": 1,
  "workspaces": {
    "": {
      "name": "rewrite-home-paths",
      "dependencies": {
        "jsonc-parser": "3.3.1",
        "toml-eslint-parser": "1.0.3",
      },
    },
  },
  "packages": {
    "eslint-visitor-keys": ["eslint-visitor-keys@5.0.1", "", {}, "sha512-tD40eHxA35h0PEIZNeIjkHoDR4YjjJp34biM0mDvplBe//mB+IHCqHDGV7pxF+7MklTvighcCPPZC7ynWyjdTA=="],

    "jsonc-parser": ["jsonc-parser@3.3.1", "", {}, "sha512-HUgH65KyejrUFPvHFPbqOY0rsFip3Bo5wb4ngvdi1EpCYWUQDC5V+Y7mZws+DLkr4M//zQJoanu1SP+87Dv1oQ=="],

    "toml-eslint-parser": ["toml-eslint-parser@1.0.3", "", { "dependencies": { "eslint-visitor-keys": "^5.0.0" } }, "sha512-A5F0cM6+mDleacLIEUkmfpkBbnHJFV1d2rprHU2MXNk7mlxHq2zGojA+SRvQD1RoMo9gqjZPWEaKG4v1BQ48lw=="],
  }
}
