# @generated - this file is auto-generated by `mise lock` https://mise.jdx.dev/dev-tools/mise-lock.html

lockfile_version = 1

[[tools."aqua:BurntSushi/ripgrep"]]
version = "15.2.0"
backend = "aqua:BurntSushi/ripgrep"
specifiers = ["latest"]

[tools."aqua:BurntSushi/ripgrep"."platforms.linux-arm64"]
checksum = "sha256:a740b91c82eaf9914cfedd353572f2791cbe0162c84101ee0951058f4dcbc90d"
url = "https://github.com/BurntSushi/ripgrep/releases/download/15.2.0/ripgrep-15.2.0-aarch64-unknown-linux-gnu.tar.gz"
url_api = "https://api.github.com/repos/BurntSushi/ripgrep/releases/assets/478119579"

[tools."aqua:BurntSushi/ripgrep"."platforms.linux-x64"]
checksum = "sha256:33e15bcf1624b25cdd2a55813a47a2f95dbe126268203e76aa6a585d1e7b149c"
url = "https://github.com/BurntSushi/ripgrep/releases/download/15.2.0/ripgrep-15.2.0-x86_64-unknown-linux-musl.tar.gz"
url_api = "https://api.github.com/repos/BurntSushi/ripgrep/releases/assets/478120097"

[tools."aqua:BurntSushi/ripgrep"."platforms.macos-arm64"]
checksum = "sha256:3750b2e93f37e0c692657da574d7019a101c0084da05a790c83fd335bad973e4"
url = "https://github.com/BurntSushi/ripgrep/releases/download/15.2.0/ripgrep-15.2.0-aarch64-apple-darwin.tar.gz"
url_api = "https://api.github.com/repos/BurntSushi/ripgrep/releases/assets/478118851"

[[tools."aqua:JanDeDobbeleer/oh-my-posh"]]
version = "31.1.3"
backend = "aqua:JanDeDobbeleer/oh-my-posh"
specifiers = ["latest"]

[tools."aqua:JanDeDobbeleer/oh-my-posh"."platforms.linux-arm64"]
checksum = "sha256:1f80cf4d12aa54e01b0edfecf5d4041187abdb7d58e0afcb8748158cbe1ced5c"
url = "https://github.com/JanDeDobbeleer/oh-my-posh/releases/download/v31.1.3/posh-linux-arm64"
url_api = "https://api.github.com/repos/JanDeDobbeleer/oh-my-posh/releases/assets/545646200"

[tools."aqua:JanDeDobbeleer/oh-my-posh"."platforms.linux-x64"]
checksum = "sha256:c9c2f59618ff72ca1acc38e1cd87aa3198311bc5d4814e793f525dd1dfb522b5"
url = "https://github.com/JanDeDobbeleer/oh-my-posh/releases/download/v31.1.3/posh-linux-amd64"
url_api = "https://api.github.com/repos/JanDeDobbeleer/oh-my-posh/releases/assets/545646206"

[tools."aqua:JanDeDobbeleer/oh-my-posh"."platforms.macos-arm64"]
checksum = "sha256:65143577ab6cb46c1db0502f66337069d50c5b3cfb473f1d2805d9c93d97dac6"
url = "https://github.com/JanDeDobbeleer/oh-my-posh/releases/download/v31.1.3/posh-darwin-arm64"
url_api = "https://api.github.com/repos/JanDeDobbeleer/oh-my-posh/releases/assets/545646210"

[[tools."aqua:ajeetdsouza/zoxide"]]
version = "0.10.0"
backend = "aqua:ajeetdsouza/zoxide"
specifiers = ["latest"]

[tools."aqua:ajeetdsouza/zoxide"."platforms.linux-arm64"]
checksum = "sha256:f1f16c5d6298d63dee467eedea1cdcd8490e43e493bea43acd416dc9033ef641"
url = "https://github.com/ajeetdsouza/zoxide/releases/download/v0.10.0/zoxide-0.10.0-aarch64-unknown-linux-musl.tar.gz"
url_api = "https://api.github.com/repos/ajeetdsouza/zoxide/releases/assets/466316402"

[tools."aqua:ajeetdsouza/zoxide"."platforms.linux-x64"]
checksum = "sha256:2d93385b99f3e82cf2701609a1bffcad863fbeb75aa3fe7eb6be4d29be68b1ae"
url = "https://github.com/ajeetdsouza/zoxide/releases/download/v0.10.0/zoxide-0.10.0-x86_64-unknown-linux-musl.tar.gz"
url_api = "https://api.github.com/repos/ajeetdsouza/zoxide/releases/assets/466316293"

[tools."aqua:ajeetdsouza/zoxide"."platforms.macos-arm64"]
checksum = "sha256:b55ae6f2f5f23d0a6ccb3bd4eeb2af9c7e0a6556e5255c82100e40305129bbb0"
url = "https://github.com/ajeetdsouza/zoxide/releases/download/v0.10.0/zoxide-0.10.0-aarch64-apple-darwin.tar.gz"
url_api = "https://api.github.com/repos/ajeetdsouza/zoxide/releases/assets/466316174"

[[tools."aqua:astral-sh/uv"]]
version = "0.12.10"
backend = "aqua:astral-sh/uv"
specifiers = ["latest"]

[tools."aqua:astral-sh/uv"."platforms.linux-arm64"]
checksum = "sha256:9ff6b9d4665edcdd3a88dcc73cd1eb641754deb927f14e8c62ebfde6bf4f5f5e"
url = "https://github.com/astral-sh/uv/releases/download/0.12.10/uv-aarch64-unknown-linux-gnu.tar.gz"
url_api = "https://api.github.com/repos/astral-sh/uv/releases/assets/545034356"
provenance = "github-attestations"

[tools."aqua:astral-sh/uv"."platforms.linux-x64"]
checksum = "sha256:173d95a0c32d18c896c46ba6fafbf3cf9c14ab74b033f81b76c883ef492a976b"
url = "https://github.com/astral-sh/uv/releases/download/0.12.10/uv-x86_64-unknown-linux-gnu.tar.gz"
url_api = "https://api.github.com/repos/astral-sh/uv/releases/assets/545034465"
provenance = "github-attestations"

[tools."aqua:astral-sh/uv"."platforms.macos-arm64"]
checksum = "sha256:51c6170e8e3a01cef9f33b94f582b7b81ac65046f55d40afb35f9cff5a68c179"
url = "https://github.com/astral-sh/uv/releases/download/0.12.10/uv-aarch64-apple-darwin.tar.gz"
url_api = "https://api.github.com/repos/astral-sh/uv/releases/assets/545034336"
provenance = "github-attestations"

[[tools."aqua:casey/just"]]
version = "1.58.0"
backend = "aqua:casey/just"
specifiers = ["latest"]

[tools."aqua:casey/just"."platforms.linux-arm64"]
checksum = "sha256:748237128c4c40cbdabc65e841d05ceba13cc23a91eaba395495894c1d9764df"
url = "https://github.com/casey/just/releases/download/1.58.0/just-1.58.0-aarch64-unknown-linux-musl.tar.gz"
url_api = "https://api.github.com/repos/casey/just/releases/assets/500510099"

[tools."aqua:casey/just"."platforms.linux-x64"]
checksum = "sha256:4a5cc2f53e6f0f8c59092a6cc38291eb729d46a7dd95d3ae582008881b84931d"
url = "https://github.com/casey/just/releases/download/1.58.0/just-1.58.0-x86_64-unknown-linux-musl.tar.gz"
url_api = "https://api.github.com/repos/casey/just/releases/assets/500509978"

[tools."aqua:casey/just"."platforms.macos-arm64"]
checksum = "sha256:50ae3e996c974a0bf32ea7d10f495070df33f1b43e0616b2769e3d4821ed8f48"
url = "https://github.com/casey/just/releases/download/1.58.0/just-1.58.0-aarch64-apple-darwin.tar.gz"
url_api = "https://api.github.com/repos/casey/just/releases/assets/500509965"

[[tools."aqua:cli/cli"]]
version = "2.100.0"
backend = "aqua:cli/cli"
specifiers = ["latest"]

[tools."aqua:cli/cli"."platforms.linux-arm64"]
checksum = "sha256:ea4e7a581a32ccad6cc7923cb1576ac5859ba4b9a16ab22eb8f8a96e78e2e961"
url = "https://github.com/cli/cli/releases/download/v2.100.0/gh_2.100.0_linux_arm64.tar.gz"
url_api = "https://api.github.com/repos/cli/cli/releases/assets/542974279"
provenance = "github-attestations"

[tools."aqua:cli/cli"."platforms.linux-x64"]
checksum = "sha256:e4d4bb4498e8d007abe545b6568926793ace1b6447da598294a610018cb164be"
url = "https://github.com/cli/cli/releases/download/v2.100.0/gh_2.100.0_linux_amd64.tar.gz"
url_api = "https://api.github.com/repos/cli/cli/releases/assets/542974264"
provenance = "github-attestations"

[tools."aqua:cli/cli"."platforms.macos-arm64"]
checksum = "sha256:45f9a62da2f6e641a7fad57e2ce39656dfd7ef331372d80a2a2aed65abb01642"
url = "https://github.com/cli/cli/releases/download/v2.100.0/gh_2.100.0_macOS_arm64.zip"
url_api = "https://api.github.com/repos/cli/cli/releases/assets/542974295"
provenance = "github-attestations"

[[tools."aqua:crate-ci/typos"]]
version = "1.50.1"
backend = "aqua:crate-ci/typos"
specifiers = ["latest"]

[tools."aqua:crate-ci/typos"."platforms.linux-arm64"]
checksum = "sha256:a48feb58c517977ca953e634507c72819d64df8717c33ced3e43868d174fd39e"
url = "https://github.com/crate-ci/typos/releases/download/v1.50.1/typos-v1.50.1-aarch64-unknown-linux-musl.tar.gz"
url_api = "https://api.github.com/repos/crate-ci/typos/releases/assets/539857357"

[tools."aqua:crate-ci/typos"."platforms.linux-x64"]
checksum = "sha256:edf0545109aee6a22751d04ddecb97c45be47d3aa0409564fb895eeeace91b1e"
url = "https://github.com/crate-ci/typos/releases/download/v1.50.1/typos-v1.50.1-x86_64-unknown-linux-musl.tar.gz"
url_api = "https://api.github.com/repos/crate-ci/typos/releases/assets/539858793"

[tools."aqua:crate-ci/typos"."platforms.macos-arm64"]
checksum = "sha256:2c940734b44b6e199e165278b662b7e17c68f068471a2a8a5e491ce635414ae6"
url = "https://github.com/crate-ci/typos/releases/download/v1.50.1/typos-v1.50.1-aarch64-apple-darwin.tar.gz"
url_api = "https://api.github.com/repos/crate-ci/typos/releases/assets/539861019"

[[tools."aqua:dandavison/delta"]]
version = "0.19.2"
backend = "aqua:dandavison/delta"
specifiers = ["latest"]

[tools."aqua:dandavison/delta"."platforms.linux-arm64"]
checksum = "sha256:0bfce159a5cddd5feb3d6db4a616d883ff51253ce08ac7ec11cb1d208cfaab9e"
url = "https://github.com/dandavison/delta/releases/download/0.19.2/delta-0.19.2-aarch64-unknown-linux-gnu.tar.gz"
url_api = "https://api.github.com/repos/dandavison/delta/releases/assets/383662337"

[tools."aqua:dandavison/delta"."platforms.linux-x64"]
checksum = "sha256:8e695c5f586a8c53d6c3b01be0b4a422ed218bfed2a56191caebe373a1c18ab2"
url = "https://github.com/dandavison/delta/releases/download/0.19.2/delta-0.19.2-x86_64-unknown-linux-gnu.tar.gz"
url_api = "https://api.github.com/repos/dandavison/delta/releases/assets/383662069"

[tools."aqua:dandavison/delta"."platforms.macos-arm64"]
checksum = "sha256:9be36612a5a13e9e386dc498fb8e50dc87c72ee42b63db0ea05b32f99a72a69a"
url = "https://github.com/dandavison/delta/releases/download/0.19.2/delta-0.19.2-aarch64-apple-darwin.tar.gz"
url_api = "https://api.github.com/repos/dandavison/delta/releases/assets/383662310"

[[tools."aqua:fastfetch-cli/fastfetch"]]
version = "2.68.1"
backend = "aqua:fastfetch-cli/fastfetch"
specifiers = ["latest"]

[tools."aqua:fastfetch-cli/fastfetch"."platforms.linux-arm64"]
checksum = "sha256:d3369aa9c1bc77fd8bd7ba3be2ae2cdcece4a137620c48a9de58026779fdb7d4"
url = "https://github.com/fastfetch-cli/fastfetch/releases/download/2.68.1/fastfetch-linux-aarch64.tar.gz"
url_api = "https://api.github.com/repos/fastfetch-cli/fastfetch/releases/assets/539503808"

[tools."aqua:fastfetch-cli/fastfetch"."platforms.linux-x64"]
checksum = "sha256:0c51ef6fa3e976eb5038fe0afda38629d3ca07947740bb0e3354c7c4f1238c0c"
url = "https://github.com/fastfetch-cli/fastfetch/releases/download/2.68.1/fastfetch-linux-amd64.tar.gz"
url_api = "https://api.github.com/repos/fastfetch-cli/fastfetch/releases/assets/539503660"

[tools."aqua:fastfetch-cli/fastfetch"."platforms.macos-arm64"]
checksum = "sha256:22426608dca945e0531af37054e21a2727aa7bb30179efaf44de7f59163be5fe"
url = "https://github.com/fastfetch-cli/fastfetch/releases/download/2.68.1/fastfetch-macos-aarch64.tar.gz"
url_api = "https://api.github.com/repos/fastfetch-cli/fastfetch/releases/assets/539503362"

[[tools."aqua:git-lfs/git-lfs"]]
version = "3.8.0"
backend = "aqua:git-lfs/git-lfs"
specifiers = ["latest"]

[tools."aqua:git-lfs/git-lfs"."platforms.linux-arm64"]
checksum = "sha256:ac9c8efac980bb0505ead384d087e2acb6486fd8498691a2165fa174ec6118c2"
url = "https://github.com/git-lfs/git-lfs/releases/download/v3.8.0/git-lfs-linux-arm64-v3.8.0.tar.gz"
url_api = "https://api.github.com/repos/git-lfs/git-lfs/releases/assets/532993825"

[tools."aqua:git-lfs/git-lfs"."platforms.linux-x64"]
checksum = "sha256:e455e00f15d9b95661b8d53498ffb0c3367962cf1ec73c31ab7369516cd6ab8d"
url = "https://github.com/git-lfs/git-lfs/releases/download/v3.8.0/git-lfs-linux-amd64-v3.8.0.tar.gz"
url_api = "https://api.github.com/repos/git-lfs/git-lfs/releases/assets/532993734"

[tools."aqua:git-lfs/git-lfs"."platforms.macos-arm64"]
checksum = "sha256:caff76a7d070d8160c89bc39b6e85d98f24135b6fed038a3b4de2590d25102d8"
url = "https://github.com/git-lfs/git-lfs/releases/download/v3.8.0/git-lfs-darwin-arm64-v3.8.0.zip"
url_api = "https://api.github.com/repos/git-lfs/git-lfs/releases/assets/532993595"

[[tools."aqua:gitleaks/gitleaks"]]
version = "8.30.1"
backend = "aqua:gitleaks/gitleaks"
specifiers = ["latest"]

[tools."aqua:gitleaks/gitleaks"."platforms.linux-arm64"]
checksum = "sha256:e4a487ee7ccd7d3a7f7ec08657610aa3606637dab924210b3aee62570fb4b080"
url = "https://github.com/gitleaks/gitleaks/releases/download/v8.30.1/gitleaks_8.30.1_linux_arm64.tar.gz"
url_api = "https://api.github.com/repos/gitleaks/gitleaks/releases/assets/378332057"

[tools."aqua:gitleaks/gitleaks"."platforms.linux-x64"]
checksum = "sha256:551f6fc83ea457d62a0d98237cbad105af8d557003051f41f3e7ca7b3f2470eb"
url = "https://github.com/gitleaks/gitleaks/releases/download/v8.30.1/gitleaks_8.30.1_linux_x64.tar.gz"
url_api = "https://api.github.com/repos/gitleaks/gitleaks/releases/assets/378332058"

[tools."aqua:gitleaks/gitleaks"."platforms.macos-arm64"]
checksum = "sha256:b40ab0ae55c505963e365f271a8d3846efbc170aa17f2607f13df610a9aeb6a5"
url = "https://github.com/gitleaks/gitleaks/releases/download/v8.30.1/gitleaks_8.30.1_darwin_arm64.tar.gz"
url_api = "https://api.github.com/repos/gitleaks/gitleaks/releases/assets/378332059"

[[tools."aqua:golangci/golangci-lint"]]
version = "2.13.2"
backend = "aqua:golangci/golangci-lint"
specifiers = ["latest"]

[tools."aqua:golangci/golangci-lint"."platforms.linux-arm64"]
checksum = "sha256:a2a4e0065aa41be71f7c5ac90f271b61751331e5d04314e62afe4027855f0893"
url = "https://github.com/golangci/golangci-lint/releases/download/v2.13.2/golangci-lint-2.13.2-linux-arm64.tar.gz"
url_api = "https://api.github.com/repos/golangci/golangci-lint/releases/assets/532995442"
provenance = "github-attestations"

[tools."aqua:golangci/golangci-lint"."platforms.linux-x64"]
checksum = "sha256:2277d43b98ec0054280f2ac26b53268bae97682444678a59a657dd565da021d6"
url = "https://github.com/golangci/golangci-lint/releases/download/v2.13.2/golangci-lint-2.13.2-linux-amd64.tar.gz"
url_api = "https://api.github.com/repos/golangci/golangci-lint/releases/assets/532995333"
provenance = "github-attestations"

[tools."aqua:golangci/golangci-lint"."platforms.macos-arm64"]
checksum = "sha256:f4bf83f0b64f055c42b28fc9a38861839f69c096e61c788e72dfaae412011789"
url = "https://github.com/golangci/golangci-lint/releases/download/v2.13.2/golangci-lint-2.13.2-darwin-arm64.tar.gz"
url_api = "https://api.github.com/repos/golangci/golangci-lint/releases/assets/532995398"
provenance = "github-attestations"

[[tools."aqua:jesseduffield/lazygit"]]
version = "0.65.0"
backend = "aqua:jesseduffield/lazygit"
specifiers = ["latest"]

[tools."aqua:jesseduffield/lazygit"."platforms.linux-arm64"]
checksum = "sha256:d954a09c128bd37b2bd0d254308474e87de3729cfe0e37f5b46a49357a4fe257"
url = "https://github.com/jesseduffield/lazygit/releases/download/v0.65.0/lazygit_0.65.0_linux_arm64.tar.gz"
url_api = "https://api.github.com/repos/jesseduffield/lazygit/releases/assets/545957226"

[tools."aqua:jesseduffield/lazygit"."platforms.linux-x64"]
checksum = "sha256:44d8e7dd1484b4a66e191bd4ab25a71e8b4b3a65ab122f838e65677ef58c5506"
url = "https://github.com/jesseduffield/lazygit/releases/download/v0.65.0/lazygit_0.65.0_linux_x86_64.tar.gz"
url_api = "https://api.github.com/repos/jesseduffield/lazygit/releases/assets/545957203"

[tools."aqua:jesseduffield/lazygit"."platforms.macos-arm64"]
checksum = "sha256:d8ea1cade9e4279e45cbb58652e84edb07e98a9f8ec0604099c8b0a8f709e63a"
url = "https://github.com/jesseduffield/lazygit/releases/download/v0.65.0/lazygit_0.65.0_darwin_arm64.tar.gz"
url_api = "https://api.github.com/repos/jesseduffield/lazygit/releases/assets/545957198"

[[tools."aqua:jqlang/jq"]]
version = "1.8.2"
backend = "aqua:jqlang/jq"
specifiers = ["latest"]

[tools."aqua:jqlang/jq"."platforms.linux-arm64"]
checksum = "sha256:8b85c817833814ddca00a144c33705546355afccf0cf39b188f3cdb48b852309"
url = "https://github.com/jqlang/jq/releases/download/jq-1.8.2/jq-linux-arm64"
url_api = "https://api.github.com/repos/jqlang/jq/releases/assets/453012756"
provenance = "github-attestations"

[tools."aqua:jqlang/jq"."platforms.linux-x64"]
checksum = "sha256:b1c22172dd303f3be49e935aa56aa48a8b7a46e0bc838b4997d3bb451495870f"
url = "https://github.com/jqlang/jq/releases/download/jq-1.8.2/jq-linux-amd64"
url_api = "https://api.github.com/repos/jqlang/jq/releases/assets/453012752"
provenance = "github-attestations"

[tools."aqua:jqlang/jq"."platforms.macos-arm64"]
checksum = "sha256:2d75340ba57a4b4b4c8708a21c2dc8e958a48aaa8bba13b27f77f6e4c0eca07e"
url = "https://github.com/jqlang/jq/releases/download/jq-1.8.2/jq-macos-arm64"
url_api = "https://api.github.com/repos/jqlang/jq/releases/assets/453012783"
provenance = "github-attestations"

[[tools."aqua:junegunn/fzf"]]
version = "0.74.3"
backend = "aqua:junegunn/fzf"
specifiers = ["latest"]

[tools."aqua:junegunn/fzf"."platforms.linux-arm64"]
checksum = "sha256:4a17a17b46bd0c4873e995533de508995c11572c0be0664a5dbcf13f60463046"
url = "https://github.com/junegunn/fzf/releases/download/v0.74.3/fzf-0.74.3-linux_arm64.tar.gz"
url_api = "https://api.github.com/repos/junegunn/fzf/releases/assets/517537065"

[tools."aqua:junegunn/fzf"."platforms.linux-x64"]
checksum = "sha256:3501a595e4b5c40a6b047340a0e8f805c46fd4e61ef95ef8a136ba8c61cf6f22"
url = "https://github.com/junegunn/fzf/releases/download/v0.74.3/fzf-0.74.3-linux_amd64.tar.gz"
url_api = "https://api.github.com/repos/junegunn/fzf/releases/assets/517537066"

[tools."aqua:junegunn/fzf"."platforms.macos-arm64"]
checksum = "sha256:1f8501cea4f9c0c2d6110d0ff75d0ec9451cd9d7524d9a26244a154ea89f3bd5"
url = "https://github.com/junegunn/fzf/releases/download/v0.74.3/fzf-0.74.3-darwin_arm64.tar.gz"
url_api = "https://api.github.com/repos/junegunn/fzf/releases/assets/517537091"

[[tools."aqua:koalaman/shellcheck"]]
version = "0.11.0"
backend = "aqua:koalaman/shellcheck"
specifiers = ["latest"]

[tools."aqua:koalaman/shellcheck"."platforms.linux-arm64"]
checksum = "sha256:12b331c1d2db6b9eb13cfca64306b1b157a86eb69db83023e261eaa7e7c14588"
url = "https://github.com/koalaman/shellcheck/releases/download/v0.11.0/shellcheck-v0.11.0.linux.aarch64.tar.xz"
url_api = "https://api.github.com/repos/koalaman/shellcheck/releases/assets/279056934"

[tools."aqua:koalaman/shellcheck"."platforms.linux-x64"]
checksum = "sha256:8c3be12b05d5c177a04c29e3c78ce89ac86f1595681cab149b65b97c4e227198"
url = "https://github.com/koalaman/shellcheck/releases/download/v0.11.0/shellcheck-v0.11.0.linux.x86_64.tar.xz"
url_api = "https://api.github.com/repos/koalaman/shellcheck/releases/assets/279056942"

[tools."aqua:koalaman/shellcheck"."platforms.macos-arm64"]
checksum = "sha256:56affdd8de5527894dca6dc3d7e0a99a873b0f004d7aabc30ae407d3f48b0a79"
url = "https://github.com/koalaman/shellcheck/releases/download/v0.11.0/shellcheck-v0.11.0.darwin.aarch64.tar.xz"
url_api = "https://api.github.com/repos/koalaman/shellcheck/releases/assets/279056932"

[[tools."aqua:micro-editor/micro"]]
version = "2.0.15"
backend = "aqua:micro-editor/micro"
specifiers = ["latest"]

[tools."aqua:micro-editor/micro"."platforms.linux-arm64"]
checksum = "sha256:5ca127857bf5500be3879f1a70b27556e737a49da04a1be5334de9e8e8781ad9"
url = "https://github.com/micro-editor/micro/releases/download/v2.0.15/micro-2.0.15-linux-arm64.tar.gz"
url_api = "https://api.github.com/repos/micro-editor/micro/releases/assets/334842990"

[tools."aqua:micro-editor/micro"."platforms.linux-x64"]
checksum = "sha256:267d238eac1e26ed053d13d4d48bd421b87f9eb538b604f0b2f74a85598b6cc2"
url = "https://github.com/micro-editor/micro/releases/download/v2.0.15/micro-2.0.15-linux64-static.tar.gz"
url_api = "https://api.github.com/repos/micro-editor/micro/releases/assets/334842982"

[tools."aqua:micro-editor/micro"."platforms.macos-arm64"]
checksum = "sha256:2ff285cc49f2ac3f7a6e9110e2dabd3c848b73eed56a8396d627c0af80a34624"
url = "https://github.com/micro-editor/micro/releases/download/v2.0.15/micro-2.0.15-macos-arm64.tar.gz"
url_api = "https://api.github.com/repos/micro-editor/micro/releases/assets/334842985"

[[tools."aqua:mikefarah/yq"]]
version = "4.53.6"
backend = "aqua:mikefarah/yq"
specifiers = ["latest"]

[tools."aqua:mikefarah/yq"."platforms.linux-arm64"]
checksum = "sha256:88a1016bc1d657375a35864e4f44b6f333df8ff97b559f51bba0adcb2169df09"
url = "https://github.com/mikefarah/yq/releases/download/v4.53.6/yq_linux_arm64"
url_api = "https://api.github.com/repos/mikefarah/yq/releases/assets/522028007"
provenance = "cosign"

[tools."aqua:mikefarah/yq"."platforms.linux-x64"]
checksum = "sha256:c5f056448f973ae7d39b5401949648a78f2dc1947d6a8eb65be60d5c504b9385"
url = "https://github.com/mikefarah/yq/releases/download/v4.53.6/yq_linux_amd64"
url_api = "https://api.github.com/repos/mikefarah/yq/releases/assets/522028022"
provenance = "cosign"

[tools."aqua:mikefarah/yq"."platforms.macos-arm64"]
checksum = "sha256:cceb0b8d71ea5294334121f8429f33f92b920e7217d904a2f9f35443968ac424"
url = "https://github.com/mikefarah/yq/releases/download/v4.53.6/yq_darwin_arm64"
url_api = "https://api.github.com/repos/mikefarah/yq/releases/assets/522028033"
provenance = "cosign"

[[tools."aqua:modem-dev/hunk"]]
version = "0.21.1"
backend = "aqua:modem-dev/hunk"
specifiers = ["latest"]

[tools."aqua:modem-dev/hunk"."platforms.linux-arm64"]
checksum = "sha256:1d31dfc382b9a4df9c045eb239ec248f61c4161dd32ec7caaab8593d55a9eca6"
url = "https://github.com/modem-dev/hunk/releases/download/v0.21.1/hunkdiff-linux-arm64.tar.gz"
url_api = "https://api.github.com/repos/modem-dev/hunk/releases/assets/545159499"

[tools."aqua:modem-dev/hunk"."platforms.linux-x64"]
checksum = "sha256:c7d1e23ba4ffb6ca3330797e9f0c82dbada50e3cfe1b719f4194747f2cbca122"
url = "https://github.com/modem-dev/hunk/releases/download/v0.21.1/hunkdiff-linux-x64.tar.gz"
url_api = "https://api.github.com/repos/modem-dev/hunk/releases/assets/545159494"

[tools."aqua:modem-dev/hunk"."platforms.macos-arm64"]
checksum = "sha256:c78d881ff3e68258ca6be7da20d786edc05993a535cc5bba2e4a298ddc1801ba"
url = "https://github.com/modem-dev/hunk/releases/download/v0.21.1/hunkdiff-darwin-arm64.tar.gz"
url_api = "https://api.github.com/repos/modem-dev/hunk/releases/assets/545159496"

[[tools."aqua:mvdan/sh"]]
version = "3.14.1"
backend = "aqua:mvdan/sh"
specifiers = ["latest"]

[tools."aqua:mvdan/sh"."platforms.linux-arm64"]
checksum = "sha256:5f2db09dae91fca848f7adbdd014632e921a383863a2ad7e0450ad3aba0c6489"
url = "https://github.com/mvdan/sh/releases/download/v3.14.1/shfmt_v3.14.1_linux_arm64"
url_api = "https://api.github.com/repos/mvdan/sh/releases/assets/547320869"

[tools."aqua:mvdan/sh"."platforms.linux-x64"]
checksum = "sha256:76e77641faa025814b77f153b29796b8e6fa2fca03e0c76a691608b86c7ea7bf"
url = "https://github.com/mvdan/sh/releases/download/v3.14.1/shfmt_v3.14.1_linux_amd64"
url_api = "https://api.github.com/repos/mvdan/sh/releases/assets/547320883"

[tools."aqua:mvdan/sh"."platforms.macos-arm64"]
checksum = "sha256:b7c872db63553ccffc7253aba3ed7d4885a27d83f1ba567b1138c6315a5847e5"
url = "https://github.com/mvdan/sh/releases/download/v3.14.1/shfmt_v3.14.1_darwin_arm64"
url_api = "https://api.github.com/repos/mvdan/sh/releases/assets/547320930"

[[tools."aqua:oxc-project/oxc/oxfmt"]]
version = "1.81.0"
backend = "aqua:oxc-project/oxc/oxfmt"
specifiers = ["latest"]

[tools."aqua:oxc-project/oxc/oxfmt"."platforms.linux-arm64"]
checksum = "sha256:a85df4acc7ffd378ea5990712b769e580f5c9cd7818bb66f2449b3e362f6bae1"
url = "https://github.com/oxc-project/oxc/releases/download/apps_v1.81.0/oxfmt-aarch64-unknown-linux-gnu.tar.gz"
url_api = "https://api.github.com/repos/oxc-project/oxc/releases/assets/539734188"

[tools."aqua:oxc-project/oxc/oxfmt"."platforms.linux-x64"]
checksum = "sha256:c64538f889330f1ca27c588b38b3605fd9ff477fa2eeb5efddb92c7e9862a9c8"
url = "https://github.com/oxc-project/oxc/releases/download/apps_v1.81.0/oxfmt-x86_64-unknown-linux-gnu.tar.gz"
url_api = "https://api.github.com/repos/oxc-project/oxc/releases/assets/539734246"

[tools."aqua:oxc-project/oxc/oxfmt"."platforms.macos-arm64"]
checksum = "sha256:83cb74205190cce07983775f53d2063bf6946bbc9c63028fd000c5c3632be8ce"
url = "https://github.com/oxc-project/oxc/releases/download/apps_v1.81.0/oxfmt-aarch64-apple-darwin.tar.gz"
url_api = "https://api.github.com/repos/oxc-project/oxc/releases/assets/539734190"

[[tools."aqua:oxc-project/oxc/oxlint"]]
version = "1.81.0"
backend = "aqua:oxc-project/oxc/oxlint"
specifiers = ["latest"]

[tools."aqua:oxc-project/oxc/oxlint"."platforms.linux-arm64"]
checksum = "sha256:e80f0a157a6ebbba332848a19f93f2fe593c42bc69d51d316446ada1ae47abc8"
url = "https://github.com/oxc-project/oxc/releases/download/apps_v1.81.0/oxlint-aarch64-unknown-linux-gnu.tar.gz"
url_api = "https://api.github.com/repos/oxc-project/oxc/releases/assets/539734294"

[tools."aqua:oxc-project/oxc/oxlint"."platforms.linux-x64"]
checksum = "sha256:d176d586ff131466383c70ce655afee7dc5a0f0e8fcbdebc8e1320021431e69c"
url = "https://github.com/oxc-project/oxc/releases/download/apps_v1.81.0/oxlint-x86_64-unknown-linux-gnu.tar.gz"
url_api = "https://api.github.com/repos/oxc-project/oxc/releases/assets/539734366"

[tools."aqua:oxc-project/oxc/oxlint"."platforms.macos-arm64"]
checksum = "sha256:329c5853e91fc0eb7fe84e324b606391a6b4ab7d85b573a9d7862571d307ea3f"
url = "https://github.com/oxc-project/oxc/releases/download/apps_v1.81.0/oxlint-aarch64-apple-darwin.tar.gz"
url_api = "https://api.github.com/repos/oxc-project/oxc/releases/assets/539734287"

[[tools."aqua:pnpm/pnpm"]]
version = "12.3.4"
backend = "aqua:pnpm/pnpm"
specifiers = ["latest"]

[tools."aqua:pnpm/pnpm"."platforms.linux-arm64"]
checksum = "sha256:95e71a2a30bbc0b77511f95cf096779068dcad6ffcbbfdf0cd4dde9de2b2b97c"
url = "https://github.com/pnpm/pnpm/releases/download/v12.3.4/pnpm-linux-arm64.tar.gz"
url_api = "https://api.github.com/repos/pnpm/pnpm/releases/assets/544431953"
provenance = "github-attestations"

[tools."aqua:pnpm/pnpm"."platforms.linux-x64"]
checksum = "sha256:9705e5704b4679fb503c963a18d1ac4f105e39aafafca8a2ed346facdf820cd0"
url = "https://github.com/pnpm/pnpm/releases/download/v12.3.4/pnpm-linux-x64.tar.gz"
url_api = "https://api.github.com/repos/pnpm/pnpm/releases/assets/544431952"
provenance = "github-attestations"

[tools."aqua:pnpm/pnpm"."platforms.macos-arm64"]
checksum = "sha256:9560243d4e92780c4466bac2ee6aac4166c8bb601ad3c63f070cdd701b28f360"
url = "https://github.com/pnpm/pnpm/releases/download/v12.3.4/pnpm-darwin-arm64.tar.gz"
url_api = "https://api.github.com/repos/pnpm/pnpm/releases/assets/544431956"
provenance = "github-attestations"

[[tools."aqua:rclone/rclone"]]
version = "1.75.1"
backend = "aqua:rclone/rclone"
specifiers = ["latest"]

[tools."aqua:rclone/rclone"."platforms.linux-arm64"]
checksum = "sha256:03f2504174034b6d004152ed7369251c9a9ec1f7e0836eda420f5c7a5ec0dff9"
url = "https://github.com/rclone/rclone/releases/download/v1.75.1/rclone-v1.75.1-linux-arm64.zip"
url_api = "https://api.github.com/repos/rclone/rclone/releases/assets/544639310"

[tools."aqua:rclone/rclone"."platforms.linux-x64"]
checksum = "sha256:982b5aa772841168f8e380f139e9e787b2a105403e32b94da8676a0e1c0a13ab"
url = "https://github.com/rclone/rclone/releases/download/v1.75.1/rclone-v1.75.1-linux-amd64.zip"
url_api = "https://api.github.com/repos/rclone/rclone/releases/assets/544638482"

[tools."aqua:rclone/rclone"."platforms.macos-arm64"]
checksum = "sha256:c61d7a371c62bcbbe882c3423aa4b8bf63485c248dd0f692997b8f0c3f6d0c6f"
url = "https://github.com/rclone/rclone/releases/download/v1.75.1/rclone-v1.75.1-osx-arm64.zip"
url_api = "https://api.github.com/repos/rclone/rclone/releases/assets/544645575"

[[tools."aqua:rhysd/actionlint"]]
version = "1.7.12"
backend = "aqua:rhysd/actionlint"
specifiers = ["latest"]

[tools."aqua:rhysd/actionlint"."platforms.linux-arm64"]
checksum = "sha256:325e971b6ba9bfa504672e29be93c24981eeb1c07576d730e9f7c8805afff0c6"
url = "https://github.com/rhysd/actionlint/releases/download/v1.7.12/actionlint_1.7.12_linux_arm64.tar.gz"
url_api = "https://api.github.com/repos/rhysd/actionlint/releases/assets/384924897"
provenance = "github-attestations"

[tools."aqua:rhysd/actionlint"."platforms.linux-x64"]
checksum = "sha256:8aca8db96f1b94770f1b0d72b6dddcb1ebb8123cb3712530b08cc387b349a3d8"
url = "https://github.com/rhysd/actionlint/releases/download/v1.7.12/actionlint_1.7.12_linux_amd64.tar.gz"
url_api = "https://api.github.com/repos/rhysd/actionlint/releases/assets/384924896"
provenance = "github-attestations"

[tools."aqua:rhysd/actionlint"."platforms.macos-arm64"]
checksum = "sha256:aba9ced2dee8d27fecca3dc7feb1a7f9a52caefa1eb46f3271ea66b6e0e6953f"
url = "https://github.com/rhysd/actionlint/releases/download/v1.7.12/actionlint_1.7.12_darwin_arm64.tar.gz"
url_api = "https://api.github.com/repos/rhysd/actionlint/releases/assets/384924893"
provenance = "github-attestations"

[[tools."aqua:rtk-ai/rtk"]]
version = "0.48.0"
backend = "aqua:rtk-ai/rtk"
specifiers = ["latest"]

[tools."aqua:rtk-ai/rtk"."platforms.linux-arm64"]
checksum = "sha256:5ed65486a96077bd6bba7c87fdc9d0e4a1918d19619be3c87380888389a30c7c"
url = "https://github.com/rtk-ai/rtk/releases/download/v0.48.0/rtk-aarch64-unknown-linux-gnu.tar.gz"
url_api = "https://api.github.com/repos/rtk-ai/rtk/releases/assets/544473446"

[tools."aqua:rtk-ai/rtk"."platforms.linux-x64"]
checksum = "sha256:e4e650fa1677c0de2f6839a6040d7b17f312d32f163c402b75af70e9e5af1a91"
url = "https://github.com/rtk-ai/rtk/releases/download/v0.48.0/rtk-x86_64-unknown-linux-musl.tar.gz"
url_api = "https://api.github.com/repos/rtk-ai/rtk/releases/assets/544473450"

[tools."aqua:rtk-ai/rtk"."platforms.macos-arm64"]
checksum = "sha256:4fa025cc93a744b6963f4e53a008e5ba3f74b6a38061f4a47c639e1c3023e0db"
url = "https://github.com/rtk-ai/rtk/releases/download/v0.48.0/rtk-aarch64-apple-darwin.tar.gz"
url_api = "https://api.github.com/repos/rtk-ai/rtk/releases/assets/544473444"

[[tools."aqua:sharkdp/bat"]]
version = "0.26.1"
backend = "aqua:sharkdp/bat"
specifiers = ["latest"]

[tools."aqua:sharkdp/bat"."platforms.linux-arm64"]
checksum = "sha256:422eb73e11c854fddd99f5ca8461c2f1d6e6dce0a2a8c3d5daade5ffcb6564aa"
url = "https://github.com/sharkdp/bat/releases/download/v0.26.1/bat-v0.26.1-aarch64-unknown-linux-gnu.tar.gz"
url_api = "https://api.github.com/repos/sharkdp/bat/releases/assets/323548647"

[tools."aqua:sharkdp/bat"."platforms.linux-x64"]
checksum = "sha256:726f04c8f576a7fd18b7634f1bbf2f915c43494c1c0f013baa3287edb0d5a2a3"
url = "https://github.com/sharkdp/bat/releases/download/v0.26.1/bat-v0.26.1-x86_64-unknown-linux-gnu.tar.gz"
url_api = "https://api.github.com/repos/sharkdp/bat/releases/assets/323549181"

[tools."aqua:sharkdp/bat"."platforms.macos-arm64"]
checksum = "sha256:e30beff26779c9bf60bb541e1d79046250cb74378f2757f8eb250afddb19e114"
url = "https://github.com/sharkdp/bat/releases/download/v0.26.1/bat-v0.26.1-aarch64-apple-darwin.tar.gz"
url_api = "https://api.github.com/repos/sharkdp/bat/releases/assets/323548442"

[[tools."aqua:sharkdp/hyperfine"]]
version = "1.20.0"
backend = "aqua:sharkdp/hyperfine"
specifiers = ["latest"]

[tools."aqua:sharkdp/hyperfine"."platforms.linux-arm64"]
checksum = "sha256:90875cb1db7a1d797c311174d061728361e58fc70e3b62262a00635ac3b1997c"
url = "https://github.com/sharkdp/hyperfine/releases/download/v1.20.0/hyperfine-v1.20.0-aarch64-unknown-linux-gnu.tar.gz"
url_api = "https://api.github.com/repos/sharkdp/hyperfine/releases/assets/317832112"

[tools."aqua:sharkdp/hyperfine"."platforms.linux-x64"]
checksum = "sha256:63ad53934062118f5b0be11785e0bb1603d4b91667d1921f2fd8df9a8712040a"
url = "https://github.com/sharkdp/hyperfine/releases/download/v1.20.0/hyperfine-v1.20.0-x86_64-unknown-linux-gnu.tar.gz"
url_api = "https://api.github.com/repos/sharkdp/hyperfine/releases/assets/317831911"

[tools."aqua:sharkdp/hyperfine"."platforms.macos-arm64"]
checksum = "sha256:f58d0b90993fadfa122a351428c469ce24afef3865f027f0e6e86f0830d088f1"
url = "https://github.com/sharkdp/hyperfine/releases/download/v1.20.0/hyperfine-v1.20.0-x86_64-apple-darwin.tar.gz"
url_api = "https://api.github.com/repos/sharkdp/hyperfine/releases/assets/317832526"

[[tools."aqua:tmux/tmux-builds"]]
version = "3.7c"
backend = "aqua:tmux/tmux-builds"
specifiers = ["latest"]

[tools."aqua:tmux/tmux-builds"."platforms.linux-arm64"]
checksum = "sha256:29dcb978da2a4b0cf6790f9e004865dac239a3ba03bbf776dddacce23d03831b"
url = "https://github.com/tmux/tmux-builds/releases/download/v3.7c/tmux-3.7c-linux-arm64.tar.gz"
url_api = "https://api.github.com/repos/tmux/tmux-builds/releases/assets/528734863"

[tools."aqua:tmux/tmux-builds"."platforms.linux-x64"]
checksum = "sha256:cc56bd1cc873eb6089c615f0496b072385bda8a6d944069f38564a5d49c128aa"
url = "https://github.com/tmux/tmux-builds/releases/download/v3.7c/tmux-3.7c-linux-x86_64.tar.gz"
url_api = "https://api.github.com/repos/tmux/tmux-builds/releases/assets/528734864"

[tools."aqua:tmux/tmux-builds"."platforms.macos-arm64"]
checksum = "sha256:0a763dd0380aa980d239509654da1bc7455843706a3c050f6709c8cd2e13d12d"
url = "https://github.com/tmux/tmux-builds/releases/download/v3.7c/tmux-3.7c-macos-arm64.tar.gz"
url_api = "https://api.github.com/repos/tmux/tmux-builds/releases/assets/528734861"

[[tools."aqua:watchexec/watchexec"]]
version = "2.7.2"
backend = "aqua:watchexec/watchexec"
specifiers = ["latest"]

[tools."aqua:watchexec/watchexec"."platforms.linux-arm64"]
checksum = "sha256:b41387ec129119500085f34ffed619058cae2c944ed76fada63b30e37bc49b47"
url = "https://github.com/watchexec/watchexec/releases/download/v2.7.2/watchexec-2.7.2-aarch64-unknown-linux-gnu.tar.xz"
url_api = "https://api.github.com/repos/watchexec/watchexec/releases/assets/546730415"

[tools."aqua:watchexec/watchexec"."platforms.linux-x64"]
checksum = "sha256:b5b3cf6fd45ce2503bae90ba4017f85d62314b427b91c06818ff39a4c46930c4"
url = "https://github.com/watchexec/watchexec/releases/download/v2.7.2/watchexec-2.7.2-x86_64-unknown-linux-gnu.tar.xz"
url_api = "https://api.github.com/repos/watchexec/watchexec/releases/assets/546730436"

[tools."aqua:watchexec/watchexec"."platforms.macos-arm64"]
checksum = "sha256:31e553b7160720796266168987c5e0728c388cc4776a26297b6a9feb00ab6437"
url = "https://github.com/watchexec/watchexec/releases/download/v2.7.2/watchexec-2.7.2-aarch64-apple-darwin.tar.xz"
url_api = "https://api.github.com/repos/watchexec/watchexec/releases/assets/546730424"

[[tools.bun]]
version = "1.4.2"
backend = "core:bun"
specifiers = ["latest"]

[tools.bun."platforms.linux-arm64"]
checksum = "sha256:54328bbc2d9c8e0c9f892c544d66c57a83b84139e34909e5ee81758f1ac8fda7"
url = "https://github.com/oven-sh/bun/releases/download/bun-v1.4.2/bun-linux-aarch64.zip"

[tools.bun."platforms.linux-arm64-musl"]
checksum = "sha256:71760b6c8ea30623b81a4907cb815d48e2ea266f2e73e751534a44a0607950df"
url = "https://github.com/oven-sh/bun/releases/download/bun-v1.4.2/bun-linux-aarch64-musl.zip"

[tools.bun."platforms.linux-x64"]
checksum = "sha256:36368faef7527875d5ffa52e53cd48021741f2a83eb6208a8dd64068d422a913"
url = "https://github.com/oven-sh/bun/releases/download/bun-v1.4.2/bun-linux-x64.zip"

[tools.bun."platforms.linux-x64-baseline"]
checksum = "sha256:c678040f14fe0440eb839d37cbd0ce4c051a32da72806ac97de6a6aab6bf728f"
url = "https://github.com/oven-sh/bun/releases/download/bun-v1.4.2/bun-linux-x64-baseline.zip"

[tools.bun."platforms.linux-x64-musl"]
checksum = "sha256:4835eca59d6da70f4674f5642f6e459dcadab773695b2ed9922d131057989742"
url = "https://github.com/oven-sh/bun/releases/download/bun-v1.4.2/bun-linux-x64-musl.zip"

[tools.bun."platforms.linux-x64-musl-baseline"]
checksum = "sha256:76e1db84e98f22f78de0a87e309bfbbf297732847f9720db36750646c85c8c18"
url = "https://github.com/oven-sh/bun/releases/download/bun-v1.4.2/bun-linux-x64-musl-baseline.zip"

[tools.bun."platforms.macos-arm64"]
checksum = "sha256:90987a3a16d7db556d886ac3d551e7b6d3edf0a1cf43acaed622e8676be1d12f"
url = "https://github.com/oven-sh/bun/releases/download/bun-v1.4.2/bun-darwin-aarch64.zip"

[[tools."github:atuinsh/atuin"]]
version = "18.21.0"
backend = "github:atuinsh/atuin"
specifiers = ["latest"]

[tools."github:atuinsh/atuin"."platforms.linux-arm64"]
checksum = "sha256:dbdee27f7fc67b92e770d1af89d3b421051499a058cd3e4698d123e0117fa950"
url = "https://github.com/atuinsh/atuin/releases/download/v18.21.0/atuin-aarch64-unknown-linux-gnu.tar.gz"
url_api = "https://api.github.com/repos/atuinsh/atuin/releases/assets/538647911"
provenance = "github-attestations"

[tools."github:atuinsh/atuin"."platforms.linux-x64"]
checksum = "sha256:434d82b4c5f691b6f0423f30a4b931df4afded19b05a795a280192fdf8a61a2d"
url = "https://github.com/atuinsh/atuin/releases/download/v18.21.0/atuin-x86_64-unknown-linux-gnu.tar.gz"
url_api = "https://api.github.com/repos/atuinsh/atuin/releases/assets/538647975"
provenance = "github-attestations"

[tools."github:atuinsh/atuin"."platforms.macos-arm64"]
checksum = "sha256:c78ac159c89c38ee0b56eb6a11d9c0a7340de3a03b98fbbccd44f8e2d91e6e6e"
url = "https://github.com/atuinsh/atuin/releases/download/v18.21.0/atuin-aarch64-apple-darwin.tar.gz"
url_api = "https://api.github.com/repos/atuinsh/atuin/releases/assets/538647916"
provenance = "github-attestations"
provenance_verified = true

[[tools."github:eza-community/eza"]]
version = "0.23.5"
backend = "github:eza-community/eza"
specifiers = ["latest"]

[tools."github:eza-community/eza".options]
matching_regex = "^eza_.*-unknown-linux-"

[tools."github:eza-community/eza"."platforms.linux-arm64"]
checksum = "sha256:40b87ae8628aa2ff0f0d2dc24ab52f689631366385c3da630bae745671fd71ec"
url = "https://github.com/eza-community/eza/releases/download/v0.23.5/eza_aarch64-unknown-linux-gnu.tar.gz"
url_api = "https://api.github.com/repos/eza-community/eza/releases/assets/471228867"

[tools."github:eza-community/eza"."platforms.linux-x64"]
checksum = "sha256:35c70c5c43c29108075e58b893234c67ef585f0b53a7eaf8e9e7d4eec9f339b4"
url = "https://github.com/eza-community/eza/releases/download/v0.23.5/eza_x86_64-unknown-linux-gnu.tar.gz"
url_api = "https://api.github.com/repos/eza-community/eza/releases/assets/471228887"

[[tools."github:llvm/llvm-project"]]
version = "23.1.0"
backend = "github:llvm/llvm-project"
specifiers = ["latest"]

[tools."github:llvm/llvm-project".options]
matching_regex = '^LLVM-.*-Linux-(X64|ARM64)\.tar\.xz$'
version_prefix = "llvmorg-"

[tools."github:llvm/llvm-project"."platforms.linux-arm64"]
checksum = "sha256:cfb31bfc713ef453248bf5bd026312f838ad6c52c25623e987cb6a340f3050d4"
url = "https://github.com/llvm/llvm-project/releases/download/llvmorg-23.1.0/LLVM-23.1.0-Linux-ARM64.tar.xz"
url_api = "https://api.github.com/repos/llvm/llvm-project/releases/assets/529893413"
provenance = "github-attestations"

[tools."github:llvm/llvm-project"."platforms.linux-x64"]
checksum = "sha256:18da30f77f475688a18f7704d23f9f155ae007ed9922dbed6850a9419d9fec8c"
url = "https://github.com/llvm/llvm-project/releases/download/llvmorg-23.1.0/LLVM-23.1.0-Linux-X64.tar.xz"
url_api = "https://api.github.com/repos/llvm/llvm-project/releases/assets/529922072"
provenance = "github-attestations"

[[tools."github:microsoft/TypeScript"]]
version = "7.0.2"
backend = "github:microsoft/TypeScript"
specifiers = ["latest"]

[tools."github:microsoft/TypeScript".options]
matching_regex = "^typescript-(linux|darwin|win32)-"

[tools."github:microsoft/TypeScript"."platforms.linux-arm64"]
checksum = "sha256:c83d931ac9dd7549cde6e71246aa9d6a9812843023df3e277fe3b5dcf41dd0ea"
url = "https://github.com/microsoft/TypeScript/releases/download/v7.0.2/typescript-linux-arm64.tgz"
url_api = "https://api.github.com/repos/microsoft/TypeScript/releases/assets/522603171"

[tools."github:microsoft/TypeScript"."platforms.linux-x64"]
checksum = "sha256:7ecad6f67377e831856367ab062ef394f21506a611405bf8ac0ff039348637d3"
url = "https://github.com/microsoft/TypeScript/releases/download/v7.0.2/typescript-linux-x64.tgz"
url_api = "https://api.github.com/repos/microsoft/TypeScript/releases/assets/522603344"

[tools."github:microsoft/TypeScript"."platforms.macos-arm64"]
checksum = "sha256:902e2fe1cf0799198ef902c6b8c310a450fef629a6baba41d45641ef75c04ebd"
url = "https://github.com/microsoft/TypeScript/releases/download/v7.0.2/typescript-darwin-arm64.tgz"
url_api = "https://api.github.com/repos/microsoft/TypeScript/releases/assets/522602966"

[[tools."github:tldr-pages/tlrc"]]
version = "1.13.1"
backend = "github:tldr-pages/tlrc"
specifiers = ["latest"]

[tools."github:tldr-pages/tlrc"."platforms.linux-arm64"]
checksum = "sha256:b58399caf415f9acf35e1079d404458abea1ca098dcdb273363d1966428363cb"
url = "https://github.com/tldr-pages/tlrc/releases/download/v1.13.1/tlrc-v1.13.1-aarch64-unknown-linux-gnu.tar.gz"
url_api = "https://api.github.com/repos/tldr-pages/tlrc/releases/assets/427272525"
provenance = "github-attestations"

[tools."github:tldr-pages/tlrc"."platforms.linux-x64"]
checksum = "sha256:a0d7d963f2bced8a4fa7ab1a42f24140abdb40ba6033f0996dea2e826e341819"
url = "https://github.com/tldr-pages/tlrc/releases/download/v1.13.1/tlrc-v1.13.1-x86_64-unknown-linux-gnu.tar.gz"
url_api = "https://api.github.com/repos/tldr-pages/tlrc/releases/assets/427272471"
provenance = "github-attestations"

[tools."github:tldr-pages/tlrc"."platforms.macos-arm64"]
checksum = "sha256:7dd8c585da66c9977ecff5d50a93c4c77a946322668b7ab2e0082dd07d11eddf"
url = "https://github.com/tldr-pages/tlrc/releases/download/v1.13.1/tlrc-v1.13.1-aarch64-apple-darwin.tar.gz"
url_api = "https://api.github.com/repos/tldr-pages/tlrc/releases/assets/427272020"
provenance = "github-attestations"
provenance_verified = true

[[tools."github:vi/websocat"]]
version = "1.14.1"
backend = "github:vi/websocat"
specifiers = ["latest"]

[tools."github:vi/websocat"."platforms.linux-arm64"]
checksum = "sha256:711a69576a2ff473fb01a90ffafb571c2ed019e55479d7ae71b12c2eadeb7011"
url = "https://github.com/vi/websocat/releases/download/v1.14.1/websocat.aarch64-unknown-linux-musl"
url_api = "https://api.github.com/repos/vi/websocat/releases/assets/333370262"

[tools."github:vi/websocat"."platforms.linux-x64"]
checksum = "sha256:66f8dd3a0394761556339117f8bb5123bddefd44e087af2a72ec22b0bd08d514"
url = "https://github.com/vi/websocat/releases/download/v1.14.1/websocat.x86_64-unknown-linux-musl"
url_api = "https://api.github.com/repos/vi/websocat/releases/assets/333370405"

[tools."github:vi/websocat"."platforms.macos-arm64"]
checksum = "sha256:c7402a1de17aa5446f86a7fe439cf502c49436c1f2df298c16fd8c2bf092a84e"
url = "https://github.com/vi/websocat/releases/download/v1.14.1/websocat.aarch64-apple-darwin"
url_api = "https://api.github.com/repos/vi/websocat/releases/assets/333370350"

[[tools.go]]
version = "1.27.1"
backend = "core:go"
specifiers = ["latest"]

[tools.go."platforms.linux-arm64"]
checksum = "sha256:3450b45a3f9ee8568792736a5c5e70a1f2e9b36c35a8f74958c03e51d7d92bec"
url = "https://dl.google.com/go/go1.27.1.linux-arm64.tar.gz"

[tools.go."platforms.linux-x64"]
checksum = "sha256:63d339f0da5ab53635a56f2490a7984dfe12dfcff22ad749f63edaf590168445"
url = "https://dl.google.com/go/go1.27.1.linux-amd64.tar.gz"

[tools.go."platforms.macos-arm64"]
checksum = "sha256:ee215d57e0ec269c60cc9ceca68e6bda321ba9ee5afe24f4b0988703c2d87d12"
url = "https://dl.google.com/go/go1.27.1.darwin-arm64.tar.gz"

[[tools."go:github.com/yusing/git-agent/cmd/git-agent"]]
version = "0.0.0-20260821064110-99303cb7ced0"
backend = "go:github.com/yusing/git-agent/cmd/git-agent"
specifiers = ["latest"]

[[tools."go:github.com/yusing/shadowtree/cmd/shadowtree"]]
version = "0.0.0-20260822061659-0f328200ac05"
backend = "go:github.com/yusing/shadowtree/cmd/shadowtree"
specifiers = ["latest"]

[[tools."go:github.com/yusing/skills-mgr"]]
version = "0.0.0-20260907091818-59f1753e1e5d"
backend = "go:github.com/yusing/skills-mgr"
specifiers = ["latest"]

[[tools."go:golang.org/x/tools/cmd/deadcode"]]
version = "0.49.0"
backend = "go:golang.org/x/tools/cmd/deadcode"
specifiers = ["latest"]

[[tools."go:golang.org/x/tools/cmd/goimports"]]
version = "0.49.0"
backend = "go:golang.org/x/tools/cmd/goimports"
specifiers = ["latest"]

[[tools."go:golang.org/x/tools/gopls"]]
version = "0.23.0"
backend = "go:golang.org/x/tools/gopls"
specifiers = ["latest"]

[[tools."npm:@kilocode/cli"]]
version = "7.5.15"
backend = "npm:@kilocode/cli"
specifiers = ["latest"]

[[tools."npm:@tailwindcss/cli"]]
version = "4.3.3"
backend = "npm:@tailwindcss/cli"
specifiers = ["latest"]

[[tools."npm:@trunkio/launcher"]]
version = "1.3.4"
backend = "npm:@trunkio/launcher"
specifiers = ["latest"]

[[tools."npm:agent-browser"]]
version = "0.36.0"
backend = "npm:agent-browser"
specifiers = ["latest"]

[[tools."npm:ccstatusline"]]
version = "2.2.29"
backend = "npm:ccstatusline"
specifiers = ["latest"]

[[tools."npm:ctx7"]]
version = "0.5.10"
backend = "npm:ctx7"
specifiers = ["latest"]

[[tools."npm:oxlint-tsgolint"]]
version = "7.0.2001"
backend = "npm:oxlint-tsgolint"
specifiers = ["latest"]

[[tools."npm:scriptc"]]
version = "0.0.36"
backend = "npm:scriptc"
specifiers = ["latest"]

[[tools."npm:vite"]]
version = "8.2.2"
backend = "npm:vite"
specifiers = ["latest"]

[[tools."pipx:rich-cli"]]
version = "1.8.1"
backend = "pipx:rich-cli"
specifiers = ["latest"]

[tools."pipx:rich-cli".options]
uvx = "true"
