# @generated - this file is auto-generated by `mise lock` https://mise.jdx.dev/dev-tools/mise-lock.html

lockfile_version = 1

[[tools."aqua:BurntSushi/ripgrep"]]
version = "15.2.0"
backend = "aqua:BurntSushi/ripgrep"
specifiers = ["latest"]

[tools."aqua:BurntSushi/ripgrep"."platforms.linux-arm64"]
checksum = "sha256:a740b91c82eaf9914cfedd353572f2791cbe0162c84101ee0951058f4dcbc90d"
url = "https://github.com/BurntSushi/ripgrep/releases/download/15.2.0/ripgrep-15.2.0-aarch64-unknown-linux-gnu.tar.gz"
url_api = "https://api.github.com/repos/BurntSushi/ripgrep/releases/assets/478119579"

[tools."aqua:BurntSushi/ripgrep"."platforms.linux-x64"]
checksum = "sha256:33e15bcf1624b25cdd2a55813a47a2f95dbe126268203e76aa6a585d1e7b149c"
url = "https://github.com/BurntSushi/ripgrep/releases/download/15.2.0/ripgrep-15.2.0-x86_64-unknown-linux-musl.tar.gz"
url_api = "https://api.github.com/repos/BurntSushi/ripgrep/releases/assets/478120097"

[tools."aqua:BurntSushi/ripgrep"."platforms.macos-arm64"]
checksum = "sha256:3750b2e93f37e0c692657da574d7019a101c0084da05a790c83fd335bad973e4"
url = "https://github.com/BurntSushi/ripgrep/releases/download/15.2.0/ripgrep-15.2.0-aarch64-apple-darwin.tar.gz"
url_api = "https://api.github.com/repos/BurntSushi/ripgrep/releases/assets/478118851"

[tools."aqua:BurntSushi/ripgrep"."platforms.macos-x64"]
checksum = "sha256:af7825fcc69a2afc7a7aea55fc9af90e26421d8f20fe59df32e233c0b8a231c1"
url = "https://github.com/BurntSushi/ripgrep/releases/download/15.2.0/ripgrep-15.2.0-x86_64-apple-darwin.tar.gz"
url_api = "https://api.github.com/repos/BurntSushi/ripgrep/releases/assets/478119585"

[[tools."aqua:JanDeDobbeleer/oh-my-posh"]]
version = "31.1.1"
backend = "aqua:JanDeDobbeleer/oh-my-posh"
specifiers = ["latest"]

[tools."aqua:JanDeDobbeleer/oh-my-posh"."platforms.linux-arm64"]
checksum = "sha256:08f139eb2cf74fb9a7cdfb678861418daf1daf195105a8b387c3a608e27b02bc"
url = "https://github.com/JanDeDobbeleer/oh-my-posh/releases/download/v31.1.1/posh-linux-arm64"
url_api = "https://api.github.com/repos/JanDeDobbeleer/oh-my-posh/releases/assets/538035116"

[tools."aqua:JanDeDobbeleer/oh-my-posh"."platforms.linux-x64"]
checksum = "sha256:eb7bf6f68f25ffab0388d757832ea5636ec14844d0aa63f8edbdfc424acde5fa"
url = "https://github.com/JanDeDobbeleer/oh-my-posh/releases/download/v31.1.1/posh-linux-amd64"
url_api = "https://api.github.com/repos/JanDeDobbeleer/oh-my-posh/releases/assets/538035106"

[tools."aqua:JanDeDobbeleer/oh-my-posh"."platforms.macos-arm64"]
checksum = "sha256:2c2212a834c805a4707178a19c7613d3485ab375f56c4c10ff5d554f3ac32353"
url = "https://github.com/JanDeDobbeleer/oh-my-posh/releases/download/v31.1.1/posh-darwin-arm64"
url_api = "https://api.github.com/repos/JanDeDobbeleer/oh-my-posh/releases/assets/538035117"

[tools."aqua:JanDeDobbeleer/oh-my-posh"."platforms.macos-x64"]
checksum = "sha256:6c0a8471bd2bc60af2e51613d235b589c2066e185d5b861d57980349f047fe6d"
url = "https://github.com/JanDeDobbeleer/oh-my-posh/releases/download/v31.1.1/posh-darwin-amd64"
url_api = "https://api.github.com/repos/JanDeDobbeleer/oh-my-posh/releases/assets/538035119"

[[tools."aqua:ajeetdsouza/zoxide"]]
version = "0.10.0"
backend = "aqua:ajeetdsouza/zoxide"
specifiers = ["latest"]

[tools."aqua:ajeetdsouza/zoxide"."platforms.linux-arm64"]
checksum = "sha256:f1f16c5d6298d63dee467eedea1cdcd8490e43e493bea43acd416dc9033ef641"
url = "https://github.com/ajeetdsouza/zoxide/releases/download/v0.10.0/zoxide-0.10.0-aarch64-unknown-linux-musl.tar.gz"
url_api = "https://api.github.com/repos/ajeetdsouza/zoxide/releases/assets/466316402"

[tools."aqua:ajeetdsouza/zoxide"."platforms.linux-x64"]
checksum = "sha256:2d93385b99f3e82cf2701609a1bffcad863fbeb75aa3fe7eb6be4d29be68b1ae"
url = "https://github.com/ajeetdsouza/zoxide/releases/download/v0.10.0/zoxide-0.10.0-x86_64-unknown-linux-musl.tar.gz"
url_api = "https://api.github.com/repos/ajeetdsouza/zoxide/releases/assets/466316293"

[tools."aqua:ajeetdsouza/zoxide"."platforms.macos-arm64"]
checksum = "sha256:b55ae6f2f5f23d0a6ccb3bd4eeb2af9c7e0a6556e5255c82100e40305129bbb0"
url = "https://github.com/ajeetdsouza/zoxide/releases/download/v0.10.0/zoxide-0.10.0-aarch64-apple-darwin.tar.gz"
url_api = "https://api.github.com/repos/ajeetdsouza/zoxide/releases/assets/466316174"

[tools."aqua:ajeetdsouza/zoxide"."platforms.macos-x64"]
checksum = "sha256:18ab7ae2633ad6e2ab79a4e665cbba1e95b7c872d44523326efb793202451dad"
url = "https://github.com/ajeetdsouza/zoxide/releases/download/v0.10.0/zoxide-0.10.0-x86_64-apple-darwin.tar.gz"
url_api = "https://api.github.com/repos/ajeetdsouza/zoxide/releases/assets/466316167"

[[tools."aqua:astral-sh/uv"]]
version = "0.12.8"
backend = "aqua:astral-sh/uv"
specifiers = ["latest"]

[tools."aqua:astral-sh/uv"."platforms.linux-arm64"]
checksum = "sha256:ba8661f4fd207c8e94814191598e619b355ac10d5014e851e21eb800f9ef2b00"
url = "https://github.com/astral-sh/uv/releases/download/0.12.8/uv-aarch64-unknown-linux-gnu.tar.gz"
url_api = "https://api.github.com/repos/astral-sh/uv/releases/assets/538591961"
provenance = "github-attestations"

[tools."aqua:astral-sh/uv"."platforms.linux-x64"]
checksum = "sha256:2e2b37e9811e17675a9e70bed5e1a58fc8c0388be63d751d72cc735188c149ff"
url = "https://github.com/astral-sh/uv/releases/download/0.12.8/uv-x86_64-unknown-linux-gnu.tar.gz"
url_api = "https://api.github.com/repos/astral-sh/uv/releases/assets/538592029"
provenance = "github-attestations"

[tools."aqua:astral-sh/uv"."platforms.macos-arm64"]
checksum = "sha256:8ce083658dbff20143607ca7af8e0c1d64b6fd7bf03a5cdcb62bf3d47d991b5f"
url = "https://github.com/astral-sh/uv/releases/download/0.12.8/uv-aarch64-apple-darwin.tar.gz"
url_api = "https://api.github.com/repos/astral-sh/uv/releases/assets/538591946"
provenance = "github-attestations"

[tools."aqua:astral-sh/uv"."platforms.macos-x64"]
checksum = "sha256:bfcd4407de99e0a2c1904df0902fa1795653d4edd145358e6561527e746a4f16"
url = "https://github.com/astral-sh/uv/releases/download/0.12.8/uv-x86_64-apple-darwin.tar.gz"
url_api = "https://api.github.com/repos/astral-sh/uv/releases/assets/538592016"
provenance = "github-attestations"

[[tools."aqua:casey/just"]]
version = "1.58.0"
backend = "aqua:casey/just"
specifiers = ["latest"]

[tools."aqua:casey/just"."platforms.linux-arm64"]
checksum = "sha256:748237128c4c40cbdabc65e841d05ceba13cc23a91eaba395495894c1d9764df"
url = "https://github.com/casey/just/releases/download/1.58.0/just-1.58.0-aarch64-unknown-linux-musl.tar.gz"
url_api = "https://api.github.com/repos/casey/just/releases/assets/500510099"

[tools."aqua:casey/just"."platforms.linux-x64"]
checksum = "sha256:4a5cc2f53e6f0f8c59092a6cc38291eb729d46a7dd95d3ae582008881b84931d"
url = "https://github.com/casey/just/releases/download/1.58.0/just-1.58.0-x86_64-unknown-linux-musl.tar.gz"
url_api = "https://api.github.com/repos/casey/just/releases/assets/500509978"

[tools."aqua:casey/just"."platforms.macos-arm64"]
checksum = "sha256:50ae3e996c974a0bf32ea7d10f495070df33f1b43e0616b2769e3d4821ed8f48"
url = "https://github.com/casey/just/releases/download/1.58.0/just-1.58.0-aarch64-apple-darwin.tar.gz"
url_api = "https://api.github.com/repos/casey/just/releases/assets/500509965"

[tools."aqua:casey/just"."platforms.macos-x64"]
checksum = "sha256:9a09cfef66aaa79da58203970103a0684307716caaabd3e9844cacc4dc0f4023"
url = "https://github.com/casey/just/releases/download/1.58.0/just-1.58.0-x86_64-apple-darwin.tar.gz"
url_api = "https://api.github.com/repos/casey/just/releases/assets/500510084"

[[tools."aqua:cli/cli"]]
version = "2.98.0"
backend = "aqua:cli/cli"
specifiers = ["latest"]

[tools."aqua:cli/cli"."platforms.linux-arm64"]
checksum = "sha256:cf689084f3a3618f7eae4a2420d335d74626d65f5e594b9828d125d69f800d86"
url = "https://github.com/cli/cli/releases/download/v2.98.0/gh_2.98.0_linux_arm64.tar.gz"
url_api = "https://api.github.com/repos/cli/cli/releases/assets/522857902"
provenance = "github-attestations"

[tools."aqua:cli/cli"."platforms.linux-x64"]
checksum = "sha256:3b8ac6b30336802fc1a858d7c084e11cdf24ac1a761ca90b68022d7d729208de"
url = "https://github.com/cli/cli/releases/download/v2.98.0/gh_2.98.0_linux_amd64.tar.gz"
url_api = "https://api.github.com/repos/cli/cli/releases/assets/522857901"
provenance = "github-attestations"

[tools."aqua:cli/cli"."platforms.macos-arm64"]
checksum = "sha256:8cfb027cc5310675f2b830eac8f9865c1155a45ffcf9757f699fdd5a22046ca4"
url = "https://github.com/cli/cli/releases/download/v2.98.0/gh_2.98.0_macOS_arm64.zip"
url_api = "https://api.github.com/repos/cli/cli/releases/assets/522857972"
provenance = "github-attestations"

[tools."aqua:cli/cli"."platforms.macos-x64"]
checksum = "sha256:734c7bbd0bc56a3974500ee9aea74d60f0e5b89be09e92b9d9148939a3a1e0e6"
url = "https://github.com/cli/cli/releases/download/v2.98.0/gh_2.98.0_macOS_amd64.zip"
url_api = "https://api.github.com/repos/cli/cli/releases/assets/522857971"
provenance = "github-attestations"

[[tools."aqua:crate-ci/typos"]]
version = "1.50.0"
backend = "aqua:crate-ci/typos"
specifiers = ["latest"]

[tools."aqua:crate-ci/typos"."platforms.linux-arm64"]
checksum = "sha256:a520651f52199efc91a27aa2b82362e93d50e7d96386d3d48b28c2ad06b9ae4e"
url = "https://github.com/crate-ci/typos/releases/download/v1.50.0/typos-v1.50.0-aarch64-unknown-linux-musl.tar.gz"
url_api = "https://api.github.com/repos/crate-ci/typos/releases/assets/534125470"

[tools."aqua:crate-ci/typos"."platforms.linux-x64"]
checksum = "sha256:a1497c9626ba0bab731b3e37c12ac9051bbfa2a253463d4d574c28f190b5497b"
url = "https://github.com/crate-ci/typos/releases/download/v1.50.0/typos-v1.50.0-x86_64-unknown-linux-musl.tar.gz"
url_api = "https://api.github.com/repos/crate-ci/typos/releases/assets/534125001"

[tools."aqua:crate-ci/typos"."platforms.macos-arm64"]
checksum = "sha256:3c9e3cdc20fbed3812c1f2060650398e88af0c0a251bbe069398752dd71513ed"
url = "https://github.com/crate-ci/typos/releases/download/v1.50.0/typos-v1.50.0-aarch64-apple-darwin.tar.gz"
url_api = "https://api.github.com/repos/crate-ci/typos/releases/assets/534128210"

[tools."aqua:crate-ci/typos"."platforms.macos-x64"]
checksum = "sha256:ab88faa54ab9ceac55c6fc2a9841ceab8ef883ed46522dbcbde2ec7a110350b0"
url = "https://github.com/crate-ci/typos/releases/download/v1.50.0/typos-v1.50.0-x86_64-apple-darwin.tar.gz"
url_api = "https://api.github.com/repos/crate-ci/typos/releases/assets/534129540"

[[tools."aqua:dandavison/delta"]]
version = "0.19.2"
backend = "aqua:dandavison/delta"
specifiers = ["latest"]

[tools."aqua:dandavison/delta"."platforms.linux-arm64"]
checksum = "sha256:0bfce159a5cddd5feb3d6db4a616d883ff51253ce08ac7ec11cb1d208cfaab9e"
url = "https://github.com/dandavison/delta/releases/download/0.19.2/delta-0.19.2-aarch64-unknown-linux-gnu.tar.gz"
url_api = "https://api.github.com/repos/dandavison/delta/releases/assets/383662337"

[tools."aqua:dandavison/delta"."platforms.linux-x64"]
checksum = "sha256:8e695c5f586a8c53d6c3b01be0b4a422ed218bfed2a56191caebe373a1c18ab2"
url = "https://github.com/dandavison/delta/releases/download/0.19.2/delta-0.19.2-x86_64-unknown-linux-gnu.tar.gz"
url_api = "https://api.github.com/repos/dandavison/delta/releases/assets/383662069"

[tools."aqua:dandavison/delta"."platforms.macos-arm64"]
checksum = "sha256:9be36612a5a13e9e386dc498fb8e50dc87c72ee42b63db0ea05b32f99a72a69a"
url = "https://github.com/dandavison/delta/releases/download/0.19.2/delta-0.19.2-aarch64-apple-darwin.tar.gz"
url_api = "https://api.github.com/repos/dandavison/delta/releases/assets/383662310"

[[tools."aqua:fastfetch-cli/fastfetch"]]
version = "2.68.1"
backend = "aqua:fastfetch-cli/fastfetch"
specifiers = ["latest"]

[tools."aqua:fastfetch-cli/fastfetch"."platforms.linux-arm64"]
checksum = "sha256:d3369aa9c1bc77fd8bd7ba3be2ae2cdcece4a137620c48a9de58026779fdb7d4"
url = "https://github.com/fastfetch-cli/fastfetch/releases/download/2.68.1/fastfetch-linux-aarch64.tar.gz"
url_api = "https://api.github.com/repos/fastfetch-cli/fastfetch/releases/assets/539503808"

[tools."aqua:fastfetch-cli/fastfetch"."platforms.linux-x64"]
checksum = "sha256:0c51ef6fa3e976eb5038fe0afda38629d3ca07947740bb0e3354c7c4f1238c0c"
url = "https://github.com/fastfetch-cli/fastfetch/releases/download/2.68.1/fastfetch-linux-amd64.tar.gz"
url_api = "https://api.github.com/repos/fastfetch-cli/fastfetch/releases/assets/539503660"

[tools."aqua:fastfetch-cli/fastfetch"."platforms.macos-arm64"]
checksum = "sha256:22426608dca945e0531af37054e21a2727aa7bb30179efaf44de7f59163be5fe"
url = "https://github.com/fastfetch-cli/fastfetch/releases/download/2.68.1/fastfetch-macos-aarch64.tar.gz"
url_api = "https://api.github.com/repos/fastfetch-cli/fastfetch/releases/assets/539503362"

[tools."aqua:fastfetch-cli/fastfetch"."platforms.macos-x64"]
checksum = "sha256:1e9a6ba7474a41b3cc2bb1b923afcf40c749c25bd17dc1e62b64464e7445a534"
url = "https://github.com/fastfetch-cli/fastfetch/releases/download/2.68.1/fastfetch-macos-amd64.tar.gz"
url_api = "https://api.github.com/repos/fastfetch-cli/fastfetch/releases/assets/539503339"
[[tools."aqua:git-lfs/git-lfs"]]
version = "3.8.0"
backend = "aqua:git-lfs/git-lfs"
specifiers = ["latest"]

[tools."aqua:git-lfs/git-lfs"."platforms.linux-arm64"]
checksum = "sha256:ac9c8efac980bb0505ead384d087e2acb6486fd8498691a2165fa174ec6118c2"
url = "https://github.com/git-lfs/git-lfs/releases/download/v3.8.0/git-lfs-linux-arm64-v3.8.0.tar.gz"
url_api = "https://api.github.com/repos/git-lfs/git-lfs/releases/assets/532993825"

[tools."aqua:git-lfs/git-lfs"."platforms.linux-x64"]
checksum = "sha256:e455e00f15d9b95661b8d53498ffb0c3367962cf1ec73c31ab7369516cd6ab8d"
url = "https://github.com/git-lfs/git-lfs/releases/download/v3.8.0/git-lfs-linux-amd64-v3.8.0.tar.gz"
url_api = "https://api.github.com/repos/git-lfs/git-lfs/releases/assets/532993734"

[tools."aqua:git-lfs/git-lfs"."platforms.macos-arm64"]
checksum = "sha256:caff76a7d070d8160c89bc39b6e85d98f24135b6fed038a3b4de2590d25102d8"
url = "https://github.com/git-lfs/git-lfs/releases/download/v3.8.0/git-lfs-darwin-arm64-v3.8.0.zip"
url_api = "https://api.github.com/repos/git-lfs/git-lfs/releases/assets/532993595"

[tools."aqua:git-lfs/git-lfs"."platforms.macos-x64"]
checksum = "sha256:f1c17aeca0b4eaab9ea606226477dbed3b84b56fe0811a9f967d2ea2b2393c53"
url = "https://github.com/git-lfs/git-lfs/releases/download/v3.8.0/git-lfs-darwin-amd64-v3.8.0.zip"
url_api = "https://api.github.com/repos/git-lfs/git-lfs/releases/assets/532993568"

[[tools."aqua:gitleaks/gitleaks"]]
version = "8.30.1"
backend = "aqua:gitleaks/gitleaks"
specifiers = ["latest"]

[tools."aqua:gitleaks/gitleaks"."platforms.linux-arm64"]
checksum = "sha256:e4a487ee7ccd7d3a7f7ec08657610aa3606637dab924210b3aee62570fb4b080"
url = "https://github.com/gitleaks/gitleaks/releases/download/v8.30.1/gitleaks_8.30.1_linux_arm64.tar.gz"
url_api = "https://api.github.com/repos/gitleaks/gitleaks/releases/assets/378332057"

[tools."aqua:gitleaks/gitleaks"."platforms.linux-x64"]
checksum = "sha256:551f6fc83ea457d62a0d98237cbad105af8d557003051f41f3e7ca7b3f2470eb"
url = "https://github.com/gitleaks/gitleaks/releases/download/v8.30.1/gitleaks_8.30.1_linux_x64.tar.gz"
url_api = "https://api.github.com/repos/gitleaks/gitleaks/releases/assets/378332058"

[tools."aqua:gitleaks/gitleaks"."platforms.macos-arm64"]
checksum = "sha256:b40ab0ae55c505963e365f271a8d3846efbc170aa17f2607f13df610a9aeb6a5"
url = "https://github.com/gitleaks/gitleaks/releases/download/v8.30.1/gitleaks_8.30.1_darwin_arm64.tar.gz"
url_api = "https://api.github.com/repos/gitleaks/gitleaks/releases/assets/378332059"

[tools."aqua:gitleaks/gitleaks"."platforms.macos-x64"]
checksum = "sha256:dfe101a4db2255fc85120ac7f3d25e4342c3c20cf749f2c20a18081af1952709"
url = "https://github.com/gitleaks/gitleaks/releases/download/v8.30.1/gitleaks_8.30.1_darwin_x64.tar.gz"
url_api = "https://api.github.com/repos/gitleaks/gitleaks/releases/assets/378332053"

[[tools."aqua:golangci/golangci-lint"]]
version = "2.13.2"
backend = "aqua:golangci/golangci-lint"
specifiers = ["latest"]

[tools."aqua:golangci/golangci-lint"."platforms.linux-arm64"]
checksum = "sha256:a2a4e0065aa41be71f7c5ac90f271b61751331e5d04314e62afe4027855f0893"
url = "https://github.com/golangci/golangci-lint/releases/download/v2.13.2/golangci-lint-2.13.2-linux-arm64.tar.gz"
url_api = "https://api.github.com/repos/golangci/golangci-lint/releases/assets/532995442"
provenance = "github-attestations"

[tools."aqua:golangci/golangci-lint"."platforms.linux-x64"]
checksum = "sha256:2277d43b98ec0054280f2ac26b53268bae97682444678a59a657dd565da021d6"
url = "https://github.com/golangci/golangci-lint/releases/download/v2.13.2/golangci-lint-2.13.2-linux-amd64.tar.gz"
url_api = "https://api.github.com/repos/golangci/golangci-lint/releases/assets/532995333"
provenance = "github-attestations"

[tools."aqua:golangci/golangci-lint"."platforms.macos-arm64"]
checksum = "sha256:f4bf83f0b64f055c42b28fc9a38861839f69c096e61c788e72dfaae412011789"
url = "https://github.com/golangci/golangci-lint/releases/download/v2.13.2/golangci-lint-2.13.2-darwin-arm64.tar.gz"
url_api = "https://api.github.com/repos/golangci/golangci-lint/releases/assets/532995398"
provenance = "github-attestations"

[tools."aqua:golangci/golangci-lint"."platforms.macos-x64"]
checksum = "sha256:8a13aaf9cbbb1dee52824e862cf0d0720e5bb97c1f4260d1e51623a09492b57b"
url = "https://github.com/golangci/golangci-lint/releases/download/v2.13.2/golangci-lint-2.13.2-darwin-amd64.tar.gz"
url_api = "https://api.github.com/repos/golangci/golangci-lint/releases/assets/532995222"
provenance = "github-attestations"

[[tools."aqua:jesseduffield/lazygit"]]
version = "0.64.1"
backend = "aqua:jesseduffield/lazygit"
specifiers = ["latest"]

[tools."aqua:jesseduffield/lazygit"."platforms.linux-arm64"]
checksum = "sha256:8b7ca3b344e60340ad1f89f29b9868ee39bcaba5bb92ee818bbe65476bb8b6e7"
url = "https://github.com/jesseduffield/lazygit/releases/download/v0.64.1/lazygit_0.64.1_linux_arm64.tar.gz"
url_api = "https://api.github.com/repos/jesseduffield/lazygit/releases/assets/511894160"

[tools."aqua:jesseduffield/lazygit"."platforms.linux-x64"]
checksum = "sha256:f8ea237c41f194cd799b48505518bfdaae4edf5a2ad6bd3d898e939785ee4532"
url = "https://github.com/jesseduffield/lazygit/releases/download/v0.64.1/lazygit_0.64.1_linux_x86_64.tar.gz"
url_api = "https://api.github.com/repos/jesseduffield/lazygit/releases/assets/511894209"

[tools."aqua:jesseduffield/lazygit"."platforms.macos-arm64"]
checksum = "sha256:a106b4c1bf8ab7539c4afb40a01cbde263a96513cdcb8bf7630278f07e88cd99"
url = "https://github.com/jesseduffield/lazygit/releases/download/v0.64.1/lazygit_0.64.1_darwin_arm64.tar.gz"
url_api = "https://api.github.com/repos/jesseduffield/lazygit/releases/assets/511894212"

[tools."aqua:jesseduffield/lazygit"."platforms.macos-x64"]
checksum = "sha256:f727fdf2efa46f78d102639eafe085cef437928da1e9ec79ec8e203b8a12f2a2"
url = "https://github.com/jesseduffield/lazygit/releases/download/v0.64.1/lazygit_0.64.1_darwin_x86_64.tar.gz"
url_api = "https://api.github.com/repos/jesseduffield/lazygit/releases/assets/511894192"

[[tools."aqua:jqlang/jq"]]
version = "1.8.2"
backend = "aqua:jqlang/jq"
specifiers = ["latest"]

[tools."aqua:jqlang/jq"."platforms.linux-arm64"]
checksum = "sha256:8b85c817833814ddca00a144c33705546355afccf0cf39b188f3cdb48b852309"
url = "https://github.com/jqlang/jq/releases/download/jq-1.8.2/jq-linux-arm64"
url_api = "https://api.github.com/repos/jqlang/jq/releases/assets/453012756"
provenance = "github-attestations"

[tools."aqua:jqlang/jq"."platforms.linux-x64"]
checksum = "sha256:b1c22172dd303f3be49e935aa56aa48a8b7a46e0bc838b4997d3bb451495870f"
url = "https://github.com/jqlang/jq/releases/download/jq-1.8.2/jq-linux-amd64"
url_api = "https://api.github.com/repos/jqlang/jq/releases/assets/453012752"
provenance = "github-attestations"

[tools."aqua:jqlang/jq"."platforms.macos-arm64"]
checksum = "sha256:2d75340ba57a4b4b4c8708a21c2dc8e958a48aaa8bba13b27f77f6e4c0eca07e"
url = "https://github.com/jqlang/jq/releases/download/jq-1.8.2/jq-macos-arm64"
url_api = "https://api.github.com/repos/jqlang/jq/releases/assets/453012783"
provenance = "github-attestations"

[tools."aqua:jqlang/jq"."platforms.macos-x64"]
checksum = "sha256:e94b266e3c26690550006abe63152b782280f4e14374accdf04cbde844f00bc0"
url = "https://github.com/jqlang/jq/releases/download/jq-1.8.2/jq-macos-amd64"
url_api = "https://api.github.com/repos/jqlang/jq/releases/assets/453012782"
provenance = "github-attestations"

[[tools."aqua:junegunn/fzf"]]
version = "0.74.3"
backend = "aqua:junegunn/fzf"
specifiers = ["latest"]

[tools."aqua:junegunn/fzf"."platforms.linux-arm64"]
checksum = "sha256:4a17a17b46bd0c4873e995533de508995c11572c0be0664a5dbcf13f60463046"
url = "https://github.com/junegunn/fzf/releases/download/v0.74.3/fzf-0.74.3-linux_arm64.tar.gz"
url_api = "https://api.github.com/repos/junegunn/fzf/releases/assets/517537065"

[tools."aqua:junegunn/fzf"."platforms.linux-x64"]
checksum = "sha256:3501a595e4b5c40a6b047340a0e8f805c46fd4e61ef95ef8a136ba8c61cf6f22"
url = "https://github.com/junegunn/fzf/releases/download/v0.74.3/fzf-0.74.3-linux_amd64.tar.gz"
url_api = "https://api.github.com/repos/junegunn/fzf/releases/assets/517537066"

[tools."aqua:junegunn/fzf"."platforms.macos-arm64"]
checksum = "sha256:1f8501cea4f9c0c2d6110d0ff75d0ec9451cd9d7524d9a26244a154ea89f3bd5"
url = "https://github.com/junegunn/fzf/releases/download/v0.74.3/fzf-0.74.3-darwin_arm64.tar.gz"
url_api = "https://api.github.com/repos/junegunn/fzf/releases/assets/517537091"

[tools."aqua:junegunn/fzf"."platforms.macos-x64"]
checksum = "sha256:b8a231250eedec244539ade3dc437bcd60e545a099c6cc0c8a11bdbd8574b9bc"
url = "https://github.com/junegunn/fzf/releases/download/v0.74.3/fzf-0.74.3-darwin_amd64.tar.gz"
url_api = "https://api.github.com/repos/junegunn/fzf/releases/assets/517537094"

[[tools."aqua:koalaman/shellcheck"]]
version = "0.11.0"
backend = "aqua:koalaman/shellcheck"
specifiers = ["latest"]

[tools."aqua:koalaman/shellcheck"."platforms.linux-arm64"]
checksum = "sha256:12b331c1d2db6b9eb13cfca64306b1b157a86eb69db83023e261eaa7e7c14588"
url = "https://github.com/koalaman/shellcheck/releases/download/v0.11.0/shellcheck-v0.11.0.linux.aarch64.tar.xz"
url_api = "https://api.github.com/repos/koalaman/shellcheck/releases/assets/279056934"

[tools."aqua:koalaman/shellcheck"."platforms.linux-x64"]
checksum = "sha256:8c3be12b05d5c177a04c29e3c78ce89ac86f1595681cab149b65b97c4e227198"
url = "https://github.com/koalaman/shellcheck/releases/download/v0.11.0/shellcheck-v0.11.0.linux.x86_64.tar.xz"
url_api = "https://api.github.com/repos/koalaman/shellcheck/releases/assets/279056942"

[tools."aqua:koalaman/shellcheck"."platforms.macos-arm64"]
checksum = "sha256:56affdd8de5527894dca6dc3d7e0a99a873b0f004d7aabc30ae407d3f48b0a79"
url = "https://github.com/koalaman/shellcheck/releases/download/v0.11.0/shellcheck-v0.11.0.darwin.aarch64.tar.xz"
url_api = "https://api.github.com/repos/koalaman/shellcheck/releases/assets/279056932"

[tools."aqua:koalaman/shellcheck"."platforms.macos-x64"]
checksum = "sha256:3c89db4edcab7cf1c27bff178882e0f6f27f7afdf54e859fa041fca10febe4c6"
url = "https://github.com/koalaman/shellcheck/releases/download/v0.11.0/shellcheck-v0.11.0.darwin.x86_64.tar.xz"
url_api = "https://api.github.com/repos/koalaman/shellcheck/releases/assets/279056930"

[[tools."aqua:micro-editor/micro"]]
version = "2.0.15"
backend = "aqua:micro-editor/micro"
specifiers = ["latest"]

[tools."aqua:micro-editor/micro"."platforms.linux-arm64"]
checksum = "sha256:5ca127857bf5500be3879f1a70b27556e737a49da04a1be5334de9e8e8781ad9"
url = "https://github.com/micro-editor/micro/releases/download/v2.0.15/micro-2.0.15-linux-arm64.tar.gz"
url_api = "https://api.github.com/repos/micro-editor/micro/releases/assets/334842990"

[tools."aqua:micro-editor/micro"."platforms.linux-x64"]
checksum = "sha256:267d238eac1e26ed053d13d4d48bd421b87f9eb538b604f0b2f74a85598b6cc2"
url = "https://github.com/micro-editor/micro/releases/download/v2.0.15/micro-2.0.15-linux64-static.tar.gz"
url_api = "https://api.github.com/repos/micro-editor/micro/releases/assets/334842982"

[tools."aqua:micro-editor/micro"."platforms.macos-arm64"]
checksum = "sha256:2ff285cc49f2ac3f7a6e9110e2dabd3c848b73eed56a8396d627c0af80a34624"
url = "https://github.com/micro-editor/micro/releases/download/v2.0.15/micro-2.0.15-macos-arm64.tar.gz"
url_api = "https://api.github.com/repos/micro-editor/micro/releases/assets/334842985"

[tools."aqua:micro-editor/micro"."platforms.macos-x64"]
checksum = "sha256:d765b9bdd6478c4f5a3cbd5a93ebe7bab2b9cec30b5350016975cf1045855cee"
url = "https://github.com/micro-editor/micro/releases/download/v2.0.15/micro-2.0.15-osx.tar.gz"
url_api = "https://api.github.com/repos/micro-editor/micro/releases/assets/334842967"

[[tools."aqua:mikefarah/yq"]]
version = "4.53.6"
backend = "aqua:mikefarah/yq"
specifiers = ["latest"]

[tools."aqua:mikefarah/yq"."platforms.linux-arm64"]
checksum = "sha256:88a1016bc1d657375a35864e4f44b6f333df8ff97b559f51bba0adcb2169df09"
url = "https://github.com/mikefarah/yq/releases/download/v4.53.6/yq_linux_arm64"
url_api = "https://api.github.com/repos/mikefarah/yq/releases/assets/522028007"
provenance = "cosign"

[tools."aqua:mikefarah/yq"."platforms.linux-x64"]
checksum = "sha256:c5f056448f973ae7d39b5401949648a78f2dc1947d6a8eb65be60d5c504b9385"
url = "https://github.com/mikefarah/yq/releases/download/v4.53.6/yq_linux_amd64"
url_api = "https://api.github.com/repos/mikefarah/yq/releases/assets/522028022"
provenance = "cosign"

[tools."aqua:mikefarah/yq"."platforms.macos-arm64"]
checksum = "sha256:cceb0b8d71ea5294334121f8429f33f92b920e7217d904a2f9f35443968ac424"
url = "https://github.com/mikefarah/yq/releases/download/v4.53.6/yq_darwin_arm64"
url_api = "https://api.github.com/repos/mikefarah/yq/releases/assets/522028033"
provenance = "cosign"

[tools."aqua:mikefarah/yq"."platforms.macos-x64"]
checksum = "sha256:caa513cb04f3804b34d4752f0e0d7904fecb9e7cf1d34081289f83259319a7f6"
url = "https://github.com/mikefarah/yq/releases/download/v4.53.6/yq_darwin_amd64"
url_api = "https://api.github.com/repos/mikefarah/yq/releases/assets/522028031"
provenance = "cosign"

[[tools."aqua:mvdan/sh"]]
version = "3.14.0"
backend = "aqua:mvdan/sh"
specifiers = ["latest"]

[tools."aqua:mvdan/sh"."platforms.linux-arm64"]
checksum = "sha256:8029959a945b5c6f2bc92ce53fca5cf0384c811cc0884b25b196a093a005657a"
url = "https://github.com/mvdan/sh/releases/download/v3.14.0/shfmt_v3.14.0_linux_arm64"
url_api = "https://api.github.com/repos/mvdan/sh/releases/assets/534119958"

[tools."aqua:mvdan/sh"."platforms.linux-x64"]
checksum = "sha256:fe42021c7272ef2d67ea36cbc3031683c625d0badec733ef3a57b567246a0b66"
url = "https://github.com/mvdan/sh/releases/download/v3.14.0/shfmt_v3.14.0_linux_amd64"
url_api = "https://api.github.com/repos/mvdan/sh/releases/assets/534119985"

[tools."aqua:mvdan/sh"."platforms.macos-arm64"]
checksum = "sha256:4710ba8074a74334069719d5b82f8cb97532e5623bfe43ef7cdb3442101b9cb2"
url = "https://github.com/mvdan/sh/releases/download/v3.14.0/shfmt_v3.14.0_darwin_arm64"
url_api = "https://api.github.com/repos/mvdan/sh/releases/assets/534120008"

[tools."aqua:mvdan/sh"."platforms.macos-x64"]
checksum = "sha256:74255a8087d74a79f5c1307db807e7efa8f062c429e3a05c075550392e0dcfa1"
url = "https://github.com/mvdan/sh/releases/download/v3.14.0/shfmt_v3.14.0_darwin_amd64"
url_api = "https://api.github.com/repos/mvdan/sh/releases/assets/534120026"

[[tools."aqua:openai/codex"]]
version = "0.152.0"
backend = "aqua:openai/codex"
specifiers = ["latest"]

[tools."aqua:openai/codex"."platforms.linux-arm64"]
checksum = "sha256:af9777a8d62edeea31adfecbaa2a5b296bc57a4a0c3ed69c02e39c23744f5feb"
url = "https://github.com/openai/codex/releases/download/rust-v0.152.0/codex-package-aarch64-unknown-linux-musl.tar.gz"
url_api = "https://api.github.com/repos/openai/codex/releases/assets/538792584"

[tools."aqua:openai/codex"."platforms.linux-x64"]
checksum = "sha256:352c24fbdc5aefaffde9c1df991b534b6bc72a06e49708794fc685fc3556c855"
url = "https://github.com/openai/codex/releases/download/rust-v0.152.0/codex-package-x86_64-unknown-linux-musl.tar.gz"
url_api = "https://api.github.com/repos/openai/codex/releases/assets/538792457"

[tools."aqua:openai/codex"."platforms.macos-arm64"]
checksum = "sha256:5287a514213f8134210677cce51b23e2eaeaff1925362f18318e4268a5ab1d1b"
url = "https://github.com/openai/codex/releases/download/rust-v0.152.0/codex-package-aarch64-apple-darwin.tar.gz"
url_api = "https://api.github.com/repos/openai/codex/releases/assets/538792593"

[tools."aqua:openai/codex"."platforms.macos-x64"]
checksum = "sha256:161d9da66a0f97a93294d006f8066e6d5fad71cc9fe00f7d4ae111daf692b308"
url = "https://github.com/openai/codex/releases/download/rust-v0.152.0/codex-package-x86_64-apple-darwin.tar.gz"
url_api = "https://api.github.com/repos/openai/codex/releases/assets/538792508"

[[tools."aqua:rclone/rclone"]]
version = "1.75.0"
backend = "aqua:rclone/rclone"
specifiers = ["latest"]

[tools."aqua:rclone/rclone"."platforms.linux-arm64"]
checksum = "sha256:d0ad88ba4c8e285b7c9efa591e0ab643280a91741e13c27f3a9c0957ccfa5203"
url = "https://github.com/rclone/rclone/releases/download/v1.75.0/rclone-v1.75.0-linux-arm64.zip"
url_api = "https://api.github.com/repos/rclone/rclone/releases/assets/496933638"

[tools."aqua:rclone/rclone"."platforms.linux-x64"]
checksum = "sha256:aa2804e08f48250e71009c727124b6341cd0288465804a9a09d14663cabafbaa"
url = "https://github.com/rclone/rclone/releases/download/v1.75.0/rclone-v1.75.0-linux-amd64.zip"
url_api = "https://api.github.com/repos/rclone/rclone/releases/assets/496932792"

[tools."aqua:rclone/rclone"."platforms.macos-arm64"]
checksum = "sha256:35e8f2a666ce789b29111db0dd843ddabc0d59c6b609d07bcaae5d1a07cba6f8"
url = "https://github.com/rclone/rclone/releases/download/v1.75.0/rclone-v1.75.0-osx-arm64.zip"
url_api = "https://api.github.com/repos/rclone/rclone/releases/assets/496939862"

[tools."aqua:rclone/rclone"."platforms.macos-x64"]
checksum = "sha256:19edbb8e5e73096eb66e92a42abbc5c34bfa8981ea3986a53872c7eef85a22f4"
url = "https://github.com/rclone/rclone/releases/download/v1.75.0/rclone-v1.75.0-osx-amd64.zip"
url_api = "https://api.github.com/repos/rclone/rclone/releases/assets/496939574"

[[tools."aqua:rhysd/actionlint"]]
version = "1.7.12"
backend = "aqua:rhysd/actionlint"
specifiers = ["latest"]

[tools."aqua:rhysd/actionlint"."platforms.linux-arm64"]
checksum = "sha256:325e971b6ba9bfa504672e29be93c24981eeb1c07576d730e9f7c8805afff0c6"
url = "https://github.com/rhysd/actionlint/releases/download/v1.7.12/actionlint_1.7.12_linux_arm64.tar.gz"
url_api = "https://api.github.com/repos/rhysd/actionlint/releases/assets/384924897"
provenance = "github-attestations"

[tools."aqua:rhysd/actionlint"."platforms.linux-x64"]
checksum = "sha256:8aca8db96f1b94770f1b0d72b6dddcb1ebb8123cb3712530b08cc387b349a3d8"
url = "https://github.com/rhysd/actionlint/releases/download/v1.7.12/actionlint_1.7.12_linux_amd64.tar.gz"
url_api = "https://api.github.com/repos/rhysd/actionlint/releases/assets/384924896"
provenance = "github-attestations"

[tools."aqua:rhysd/actionlint"."platforms.macos-arm64"]
checksum = "sha256:aba9ced2dee8d27fecca3dc7feb1a7f9a52caefa1eb46f3271ea66b6e0e6953f"
url = "https://github.com/rhysd/actionlint/releases/download/v1.7.12/actionlint_1.7.12_darwin_arm64.tar.gz"
url_api = "https://api.github.com/repos/rhysd/actionlint/releases/assets/384924893"
provenance = "github-attestations"

[tools."aqua:rhysd/actionlint"."platforms.macos-x64"]
checksum = "sha256:5b44c3bc2255115c9b69e30efc0fecdf498fdb63c5d58e17084fd5f16324c644"
url = "https://github.com/rhysd/actionlint/releases/download/v1.7.12/actionlint_1.7.12_darwin_amd64.tar.gz"
url_api = "https://api.github.com/repos/rhysd/actionlint/releases/assets/384924880"
provenance = "github-attestations"

[[tools."aqua:rtk-ai/rtk"]]
version = "0.46.0"
backend = "aqua:rtk-ai/rtk"
specifiers = ["latest"]

[tools."aqua:rtk-ai/rtk"."platforms.linux-arm64"]
checksum = "sha256:e8c2e1787f46017ea7c5a711b2bc6a7f7cf61c7ad69385b4c1e4daff1135dcd1"
url = "https://github.com/rtk-ai/rtk/releases/download/v0.46.0/rtk-aarch64-unknown-linux-gnu.tar.gz"
url_api = "https://api.github.com/repos/rtk-ai/rtk/releases/assets/531218976"

[tools."aqua:rtk-ai/rtk"."platforms.linux-x64"]
checksum = "sha256:79aa5b89c69566bbfeceb66c8a27cfbe52237fc7ee3e683115f43745a3262d21"
url = "https://github.com/rtk-ai/rtk/releases/download/v0.46.0/rtk-x86_64-unknown-linux-musl.tar.gz"
url_api = "https://api.github.com/repos/rtk-ai/rtk/releases/assets/531218973"

[tools."aqua:rtk-ai/rtk"."platforms.macos-arm64"]
checksum = "sha256:484e5dd2b4bfdbbb910727a0ba1e2d63b2e23efa922cfcc7300fd131bca3e10a"
url = "https://github.com/rtk-ai/rtk/releases/download/v0.46.0/rtk-aarch64-apple-darwin.tar.gz"
url_api = "https://api.github.com/repos/rtk-ai/rtk/releases/assets/531218972"

[tools."aqua:rtk-ai/rtk"."platforms.macos-x64"]
checksum = "sha256:67eb651fa9cfc4a4ea65876242eb71b8837abdac40521d0dd363214ec1a068dd"
url = "https://github.com/rtk-ai/rtk/releases/download/v0.46.0/rtk-x86_64-apple-darwin.tar.gz"
url_api = "https://api.github.com/repos/rtk-ai/rtk/releases/assets/531218969"

[[tools."aqua:sharkdp/bat"]]
version = "0.26.1"
backend = "aqua:sharkdp/bat"
specifiers = ["latest"]

[tools."aqua:sharkdp/bat"."platforms.linux-arm64"]
checksum = "sha256:422eb73e11c854fddd99f5ca8461c2f1d6e6dce0a2a8c3d5daade5ffcb6564aa"
url = "https://github.com/sharkdp/bat/releases/download/v0.26.1/bat-v0.26.1-aarch64-unknown-linux-gnu.tar.gz"
url_api = "https://api.github.com/repos/sharkdp/bat/releases/assets/323548647"

[tools."aqua:sharkdp/bat"."platforms.linux-x64"]
checksum = "sha256:726f04c8f576a7fd18b7634f1bbf2f915c43494c1c0f013baa3287edb0d5a2a3"
url = "https://github.com/sharkdp/bat/releases/download/v0.26.1/bat-v0.26.1-x86_64-unknown-linux-gnu.tar.gz"
url_api = "https://api.github.com/repos/sharkdp/bat/releases/assets/323549181"

[tools."aqua:sharkdp/bat"."platforms.macos-arm64"]
checksum = "sha256:e30beff26779c9bf60bb541e1d79046250cb74378f2757f8eb250afddb19e114"
url = "https://github.com/sharkdp/bat/releases/download/v0.26.1/bat-v0.26.1-aarch64-apple-darwin.tar.gz"
url_api = "https://api.github.com/repos/sharkdp/bat/releases/assets/323548442"

[tools."aqua:sharkdp/bat"."platforms.macos-x64"]
checksum = "sha256:830d63b0bba1fa040542ec569e3cf77f60d3356b9de75116a344b061e0894245"
url = "https://github.com/sharkdp/bat/releases/download/v0.26.1/bat-v0.26.1-x86_64-apple-darwin.tar.gz"
url_api = "https://api.github.com/repos/sharkdp/bat/releases/assets/323549786"

[[tools."aqua:sharkdp/hyperfine"]]
version = "1.20.0"
backend = "aqua:sharkdp/hyperfine"
specifiers = ["latest"]

[tools."aqua:sharkdp/hyperfine"."platforms.linux-arm64"]
checksum = "sha256:90875cb1db7a1d797c311174d061728361e58fc70e3b62262a00635ac3b1997c"
url = "https://github.com/sharkdp/hyperfine/releases/download/v1.20.0/hyperfine-v1.20.0-aarch64-unknown-linux-gnu.tar.gz"
url_api = "https://api.github.com/repos/sharkdp/hyperfine/releases/assets/317832112"

[tools."aqua:sharkdp/hyperfine"."platforms.linux-x64"]
checksum = "sha256:63ad53934062118f5b0be11785e0bb1603d4b91667d1921f2fd8df9a8712040a"
url = "https://github.com/sharkdp/hyperfine/releases/download/v1.20.0/hyperfine-v1.20.0-x86_64-unknown-linux-gnu.tar.gz"
url_api = "https://api.github.com/repos/sharkdp/hyperfine/releases/assets/317831911"

[tools."aqua:sharkdp/hyperfine"."platforms.macos-arm64"]
checksum = "sha256:f58d0b90993fadfa122a351428c469ce24afef3865f027f0e6e86f0830d088f1"
url = "https://github.com/sharkdp/hyperfine/releases/download/v1.20.0/hyperfine-v1.20.0-x86_64-apple-darwin.tar.gz"
url_api = "https://api.github.com/repos/sharkdp/hyperfine/releases/assets/317832526"

[tools."aqua:sharkdp/hyperfine"."platforms.macos-x64"]
checksum = "sha256:f58d0b90993fadfa122a351428c469ce24afef3865f027f0e6e86f0830d088f1"
url = "https://github.com/sharkdp/hyperfine/releases/download/v1.20.0/hyperfine-v1.20.0-x86_64-apple-darwin.tar.gz"
url_api = "https://api.github.com/repos/sharkdp/hyperfine/releases/assets/317832526"

[[tools."aqua:tmux/tmux-builds"]]
version = "3.7c"
backend = "aqua:tmux/tmux-builds"
specifiers = ["latest"]

[tools."aqua:tmux/tmux-builds"."platforms.linux-arm64"]
checksum = "sha256:29dcb978da2a4b0cf6790f9e004865dac239a3ba03bbf776dddacce23d03831b"
url = "https://github.com/tmux/tmux-builds/releases/download/v3.7c/tmux-3.7c-linux-arm64.tar.gz"
url_api = "https://api.github.com/repos/tmux/tmux-builds/releases/assets/528734863"

[tools."aqua:tmux/tmux-builds"."platforms.linux-x64"]
checksum = "sha256:cc56bd1cc873eb6089c615f0496b072385bda8a6d944069f38564a5d49c128aa"
url = "https://github.com/tmux/tmux-builds/releases/download/v3.7c/tmux-3.7c-linux-x86_64.tar.gz"
url_api = "https://api.github.com/repos/tmux/tmux-builds/releases/assets/528734864"

[tools."aqua:tmux/tmux-builds"."platforms.macos-arm64"]
checksum = "sha256:0a763dd0380aa980d239509654da1bc7455843706a3c050f6709c8cd2e13d12d"
url = "https://github.com/tmux/tmux-builds/releases/download/v3.7c/tmux-3.7c-macos-arm64.tar.gz"
url_api = "https://api.github.com/repos/tmux/tmux-builds/releases/assets/528734861"

[tools."aqua:tmux/tmux-builds"."platforms.macos-x64"]
checksum = "sha256:1c21f9ade964e4a539be05ffe3a4e95854ab76a0a9c4c05d0ffbe7fc6c4d783f"
url = "https://github.com/tmux/tmux-builds/releases/download/v3.7c/tmux-3.7c-macos-x86_64.tar.gz"
url_api = "https://api.github.com/repos/tmux/tmux-builds/releases/assets/528734867"

[[tools."aqua:watchexec/watchexec"]]
version = "2.7.0"
backend = "aqua:watchexec/watchexec"
specifiers = ["latest"]

[tools."aqua:watchexec/watchexec"."platforms.linux-arm64"]
checksum = "sha256:ce9328326bbfea36d852953d6ec648dc64fd71d9888cd1ba0978ed2b5a5b99f6"
url = "https://github.com/watchexec/watchexec/releases/download/v2.7.0/watchexec-2.7.0-aarch64-unknown-linux-gnu.tar.xz"
url_api = "https://api.github.com/repos/watchexec/watchexec/releases/assets/527314342"

[tools."aqua:watchexec/watchexec"."platforms.linux-x64"]
checksum = "sha256:ad226e24baa077b9d97d1a0e575a7202ed38da0e1841d4ec3ebb8c6afbf73440"
url = "https://github.com/watchexec/watchexec/releases/download/v2.7.0/watchexec-2.7.0-x86_64-unknown-linux-gnu.tar.xz"
url_api = "https://api.github.com/repos/watchexec/watchexec/releases/assets/527314371"

[tools."aqua:watchexec/watchexec"."platforms.macos-arm64"]
checksum = "sha256:63402816e7efbe3b3fe6f418d476d57f236bc63de7cfd6f1badc50b254b295fb"
url = "https://github.com/watchexec/watchexec/releases/download/v2.7.0/watchexec-2.7.0-aarch64-apple-darwin.tar.xz"
url_api = "https://api.github.com/repos/watchexec/watchexec/releases/assets/527314332"

[tools."aqua:watchexec/watchexec"."platforms.macos-x64"]
checksum = "sha256:765e2fdcf7142e3ec228ec5a25597d09a16842c5860cdbbac713d035488a2f82"
url = "https://github.com/watchexec/watchexec/releases/download/v2.7.0/watchexec-2.7.0-x86_64-apple-darwin.tar.xz"
url_api = "https://api.github.com/repos/watchexec/watchexec/releases/assets/527314350"

[[tools.bun]]
version = "1.4.0"
backend = "core:bun"
specifiers = ["latest"]

[tools.bun."platforms.linux-arm64"]
checksum = "sha256:4b1a332ee861983eb93bcfe6f770fff94e3e31b2c388bdaea3c8ed35e58eed0e"
url = "https://github.com/oven-sh/bun/releases/download/bun-v1.4.0/bun-linux-aarch64.zip"

[tools.bun."platforms.linux-arm64-musl"]
checksum = "sha256:576300ce33ff16ffcd455bf178c2f095f9df845c6cc3d0284ba1c96ca0e80473"
url = "https://github.com/oven-sh/bun/releases/download/bun-v1.4.0/bun-linux-aarch64-musl.zip"

[tools.bun."platforms.linux-x64"]
checksum = "sha256:2d03fb5fb83ac8b567aca0a281b2ce1a1a19d488f56c2968d88c3f25e92fe452"
url = "https://github.com/oven-sh/bun/releases/download/bun-v1.4.0/bun-linux-x64.zip"

[tools.bun."platforms.linux-x64-baseline"]
checksum = "sha256:184fb4595f0d401a217cf7c78c1bc430ba83314dab7a8b94805babbf7fa7097f"
url = "https://github.com/oven-sh/bun/releases/download/bun-v1.4.0/bun-linux-x64-baseline.zip"

[tools.bun."platforms.linux-x64-musl"]
checksum = "sha256:83b5f12fd258dd8d4fdcaea65ede954366aa717dab399e20093ecab280d54e7a"
url = "https://github.com/oven-sh/bun/releases/download/bun-v1.4.0/bun-linux-x64-musl.zip"

[tools.bun."platforms.linux-x64-musl-baseline"]
checksum = "sha256:618c4bc1f94b02337ee210003c0b7c066f11548a8cdc5109df10db043dc47ca2"
url = "https://github.com/oven-sh/bun/releases/download/bun-v1.4.0/bun-linux-x64-musl-baseline.zip"

[tools.bun."platforms.macos-arm64"]
checksum = "sha256:c669e97f6164e1c96e0701748db98dfa77492908cbd8394c7557134a735de381"
url = "https://github.com/oven-sh/bun/releases/download/bun-v1.4.0/bun-darwin-aarch64.zip"

[tools.bun."platforms.macos-x64"]
checksum = "sha256:1d0211b8f1dc991182344687ad15e72ee86f154845a5f7fa477994cd341dd9b0"
url = "https://github.com/oven-sh/bun/releases/download/bun-v1.4.0/bun-darwin-x64.zip"

[tools.bun."platforms.macos-x64-baseline"]
checksum = "sha256:da9b9f1b4ba766c6f299711f38dfaa98623e1ed9c40896aa53db803c52ec1fa0"
url = "https://github.com/oven-sh/bun/releases/download/bun-v1.4.0/bun-darwin-x64-baseline.zip"

[[tools."github:atuinsh/atuin"]]
version = "18.21.0"
backend = "github:atuinsh/atuin"
specifiers = ["latest"]

[tools."github:atuinsh/atuin"."platforms.linux-arm64"]
checksum = "sha256:dbdee27f7fc67b92e770d1af89d3b421051499a058cd3e4698d123e0117fa950"
url = "https://github.com/atuinsh/atuin/releases/download/v18.21.0/atuin-aarch64-unknown-linux-gnu.tar.gz"
url_api = "https://api.github.com/repos/atuinsh/atuin/releases/assets/538647911"
provenance = "github-attestations"

[tools."github:atuinsh/atuin"."platforms.linux-x64"]
checksum = "sha256:434d82b4c5f691b6f0423f30a4b931df4afded19b05a795a280192fdf8a61a2d"
url = "https://github.com/atuinsh/atuin/releases/download/v18.21.0/atuin-x86_64-unknown-linux-gnu.tar.gz"
url_api = "https://api.github.com/repos/atuinsh/atuin/releases/assets/538647975"
provenance = "github-attestations"

[tools."github:atuinsh/atuin"."platforms.macos-arm64"]
checksum = "sha256:c78ac159c89c38ee0b56eb6a11d9c0a7340de3a03b98fbbccd44f8e2d91e6e6e"
url = "https://github.com/atuinsh/atuin/releases/download/v18.21.0/atuin-aarch64-apple-darwin.tar.gz"
url_api = "https://api.github.com/repos/atuinsh/atuin/releases/assets/538647916"
provenance = "github-attestations"
provenance_verified = true

[tools."github:atuinsh/atuin"."platforms.macos-x64"]
checksum = "sha256:74efd10b08bf21e5e9448e4b4c2fce9995c655928899b0375411d427bec3c347"
url = "https://github.com/atuinsh/atuin/releases/download/v18.21.0/atuin-x86_64-apple-darwin.tar.gz"
url_api = "https://api.github.com/repos/atuinsh/atuin/releases/assets/538647965"
provenance = "github-attestations"

[[tools."github:eza-community/eza"]]
version = "0.23.5"
backend = "github:eza-community/eza"
specifiers = ["latest"]

[tools."github:eza-community/eza"."platforms.linux-arm64"]
checksum = "sha256:40b87ae8628aa2ff0f0d2dc24ab52f689631366385c3da630bae745671fd71ec"
url = "https://github.com/eza-community/eza/releases/download/v0.23.5/eza_aarch64-unknown-linux-gnu.tar.gz"
url_api = "https://api.github.com/repos/eza-community/eza/releases/assets/471228867"

[tools."github:eza-community/eza"."platforms.linux-x64"]
checksum = "sha256:35c70c5c43c29108075e58b893234c67ef585f0b53a7eaf8e9e7d4eec9f339b4"
url = "https://github.com/eza-community/eza/releases/download/v0.23.5/eza_x86_64-unknown-linux-gnu.tar.gz"
url_api = "https://api.github.com/repos/eza-community/eza/releases/assets/471228887"

[tools."github:eza-community/eza"."platforms.macos-arm64"]
checksum = "sha256:cbdae2ad79ae0ef1fd6a06f4644c90cef79a56353bc3bb7cf4663bb2831420f9"
url = "https://github.com/eza-community/eza/releases/download/v0.23.5/man-0.23.5.tar.gz"
url_api = "https://api.github.com/repos/eza-community/eza/releases/assets/471228894"

[tools."github:eza-community/eza"."platforms.macos-x64"]
checksum = "sha256:cbdae2ad79ae0ef1fd6a06f4644c90cef79a56353bc3bb7cf4663bb2831420f9"
url = "https://github.com/eza-community/eza/releases/download/v0.23.5/man-0.23.5.tar.gz"
url_api = "https://api.github.com/repos/eza-community/eza/releases/assets/471228894"

[[tools."github:tldr-pages/tlrc"]]
version = "1.13.1"
backend = "github:tldr-pages/tlrc"
specifiers = ["latest"]

[tools."github:tldr-pages/tlrc"."platforms.linux-arm64"]
checksum = "sha256:b58399caf415f9acf35e1079d404458abea1ca098dcdb273363d1966428363cb"
url = "https://github.com/tldr-pages/tlrc/releases/download/v1.13.1/tlrc-v1.13.1-aarch64-unknown-linux-gnu.tar.gz"
url_api = "https://api.github.com/repos/tldr-pages/tlrc/releases/assets/427272525"
provenance = "github-attestations"

[tools."github:tldr-pages/tlrc"."platforms.linux-x64"]
checksum = "sha256:a0d7d963f2bced8a4fa7ab1a42f24140abdb40ba6033f0996dea2e826e341819"
url = "https://github.com/tldr-pages/tlrc/releases/download/v1.13.1/tlrc-v1.13.1-x86_64-unknown-linux-gnu.tar.gz"
url_api = "https://api.github.com/repos/tldr-pages/tlrc/releases/assets/427272471"
provenance = "github-attestations"

[tools."github:tldr-pages/tlrc"."platforms.macos-arm64"]
checksum = "sha256:7dd8c585da66c9977ecff5d50a93c4c77a946322668b7ab2e0082dd07d11eddf"
url = "https://github.com/tldr-pages/tlrc/releases/download/v1.13.1/tlrc-v1.13.1-aarch64-apple-darwin.tar.gz"
url_api = "https://api.github.com/repos/tldr-pages/tlrc/releases/assets/427272020"
provenance = "github-attestations"
provenance_verified = true

[tools."github:tldr-pages/tlrc"."platforms.macos-x64"]
checksum = "sha256:2db4a3c772ae30243cd6bb4231cc43eff005d311618666af91e49662310b8e8b"
url = "https://github.com/tldr-pages/tlrc/releases/download/v1.13.1/tlrc-v1.13.1-x86_64-apple-darwin.tar.gz"
url_api = "https://api.github.com/repos/tldr-pages/tlrc/releases/assets/427271988"
provenance = "github-attestations"
[[tools.go]]
version = "1.27.0"
backend = "core:go"
specifiers = ["latest"]

[tools.go."platforms.linux-arm64"]
checksum = "sha256:51798d2c42d0e1c6ed7fd9f48728b4193abac9e8aad6dbac2fe96a81f5909bda"
url = "https://dl.google.com/go/go1.27.0.linux-arm64.tar.gz"

[tools.go."platforms.linux-x64"]
checksum = "sha256:675c26c449cbb18fc24b74650de1eabbae6e16f64326fd85a283fb3b58280685"
url = "https://dl.google.com/go/go1.27.0.linux-amd64.tar.gz"

[tools.go."platforms.macos-arm64"]
checksum = "sha256:90493b3bbd5e10f91d12153198bf1994fd756399b4fec93b49b0c6e2acdeeb3e"
url = "https://dl.google.com/go/go1.27.0.darwin-arm64.tar.gz"

[tools.go."platforms.macos-x64"]
checksum = "sha256:d3314e25496e4381d71a5c51d2907e7af655d199f6780b549f015bd85fef4986"
url = "https://dl.google.com/go/go1.27.0.darwin-amd64.tar.gz"

[[tools."go:github.com/yusing/git-agent/cmd/git-agent"]]
version = "0.0.0-20260821064110-99303cb7ced0"
backend = "go:github.com/yusing/git-agent/cmd/git-agent"
specifiers = ["latest"]

[[tools."go:github.com/yusing/shadowtree/cmd/shadowtree"]]
version = "0.0.0-20260822061659-0f328200ac05"
backend = "go:github.com/yusing/shadowtree/cmd/shadowtree"
specifiers = ["latest"]

[[tools."go:github.com/yusing/skills-mgr"]]
version = "0.0.0-20260904080307-19e25f65eccc"
backend = "go:github.com/yusing/skills-mgr"
specifiers = ["latest"]

[[tools."go:golang.org/x/tools/cmd/deadcode"]]
version = "0.49.0"
backend = "go:golang.org/x/tools/cmd/deadcode"
specifiers = ["latest"]

[[tools."go:golang.org/x/tools/cmd/goimports"]]
version = "0.49.0"
backend = "go:golang.org/x/tools/cmd/goimports"
specifiers = ["latest"]

[[tools."go:golang.org/x/tools/gopls"]]
version = "0.23.0"
backend = "go:golang.org/x/tools/gopls"
specifiers = ["latest"]
